// !$*UTF8*$!
{
	archiveVersion = 1;
	classes = {
	};
	objectVersion = 50;
	objects = {

/* Begin PBXBuildFile section */
		C803504228D692430022A4B9 /* Rendering.swift in Sources */ = {isa = PBXBuildFile; fileRef = C803504128D692430022A4B9 /* Rendering.swift */; };
		C8041C3728EE6EC000A3695F /* gui.c in Sources */ = {isa = PBXBuildFile; fileRef = C8041C3628EE6EC000A3695F /* gui.c */; };
		C8041C3A28EE740900A3695F /* macplatform.m in Sources */ = {isa = PBXBuildFile; fileRef = C8041C3928EE740900A3695F /* macplatform.m */; };
		C808BA6827893976001FDE39 /* haltexpr.c in Sources */ = {isa = PBXBuildFile; fileRef = C808BA6727893976001FDE39 /* haltexpr.c */; };
		C80C9E1C277D648F000F2D8B /* debug.c in Sources */ = {isa = PBXBuildFile; fileRef = C80C9E1B277D648F000F2D8B /* debug.c */; };
		C8184D3E25E7496B002B3100 /* Tests.swift in Sources */ = {isa = PBXBuildFile; fileRef = C8184D3D25E7496B002B3100 /* Tests.swift */; };
		C8184D5325E74B75002B3100 /* dis.c in Sources */ = {isa = PBXBuildFile; fileRef = C8184D5225E74B75002B3100 /* dis.c */; };
		C8184D7025E750E0002B3100 /* libcinytest.dylib in Frameworks */ = {isa = PBXBuildFile; fileRef = C8184D6F25E750E0002B3100 /* libcinytest.dylib */; };
		C8184D7725E753BB002B3100 /* main.c in Sources */ = {isa = PBXBuildFile; fileRef = C8184D5025E74AC5002B3100 /* main.c */; };
		C8184D7C25E76541002B3100 /* dis.c in Sources */ = {isa = PBXBuildFile; fileRef = C85C8DC525BD29AC00611D19 /* dis.c */; };
		C8186495277EB0F700CA4AC0 /* uicurses.c in Sources */ = {isa = PBXBuildFile; fileRef = C8186494277EB0F700CA4AC0 /* uicurses.c */; };
		C8186497277EB45900CA4AC0 /* uibatch.c in Sources */ = {isa = PBXBuildFile; fileRef = C8186496277EB45900CA4AC0 /* uibatch.c */; };
		C820E6C025A9759A006A7AB1 /* main.swift in Sources */ = {isa = PBXBuildFile; fileRef = C820E6BF25A9759A006A7AB1 /* main.swift */; };
		C820E6CB25A97A4E006A7AB1 /* cli.c in Sources */ = {isa = PBXBuildFile; fileRef = C820E6CA25A97A4E006A7AB1 /* cli.c */; };
		C820E6E025A98557006A7AB1 /* libncurses.tbd in Frameworks */ = {isa = PBXBuildFile; fileRef = C820E6DE25A982A5006A7AB1 /* libncurses.tbd */; };
		C830036728DEDDD200480F29 /* Assets.xcassets in Resources */ = {isa = PBXBuildFile; fileRef = C830036628DEDDD200480F29 /* Assets.xcassets */; };
		C830036C28DEDDD200480F29 /* main.m in Sources */ = {isa = PBXBuildFile; fileRef = C830036B28DEDDD200480F29 /* main.m */; };
		C838D3B527D5DA4400468FDB /* CartInfoView.swift in Sources */ = {isa = PBXBuildFile; fileRef = C838D3B427D5DA4400468FDB /* CartInfoView.swift */; };
		C838D3B727D5DB0300468FDB /* CartChrView.swift in Sources */ = {isa = PBXBuildFile; fileRef = C838D3B627D5DB0300468FDB /* CartChrView.swift */; };
		C83A30772904987F00749A17 /* argparse.c in Sources */ = {isa = PBXBuildFile; fileRef = C8B4664427755790000576EE /* argparse.c */; };
		C83A307A2904A2B000749A17 /* version.c in Sources */ = {isa = PBXBuildFile; fileRef = C83A30792904A2B000749A17 /* version.c */; };
		C83C663727E2F4E4009CE42C /* cart.c in Sources */ = {isa = PBXBuildFile; fileRef = C8C7068A2751EEBA00B45785 /* cart.c */; };
		C83C663827E2F4EF009CE42C /* mappers.c in Sources */ = {isa = PBXBuildFile; fileRef = C8C706912751EEBA00B45785 /* mappers.c */; };
		C83C663927E2F4FE009CE42C /* bytes.c in Sources */ = {isa = PBXBuildFile; fileRef = C8C7068F2751EEBA00B45785 /* bytes.c */; };
		C83C663A27E2F52C009CE42C /* bus.c in Sources */ = {isa = PBXBuildFile; fileRef = C8C706852751EEBA00B45785 /* bus.c */; };
		C8497E402822015100F4952E /* Disassembly.swift in Sources */ = {isa = PBXBuildFile; fileRef = C8497E3F2822015100F4952E /* Disassembly.swift */; };
		C854873728E685D00045BA42 /* imgui_widgets.cpp in Sources */ = {isa = PBXBuildFile; fileRef = C854872728E685D00045BA42 /* imgui_widgets.cpp */; };
		C854873828E685D00045BA42 /* imgui_impl_sdlrenderer.cpp in Sources */ = {isa = PBXBuildFile; fileRef = C854872B28E685D00045BA42 /* imgui_impl_sdlrenderer.cpp */; };
		C854873A28E685D00045BA42 /* imgui.cpp in Sources */ = {isa = PBXBuildFile; fileRef = C854872D28E685D00045BA42 /* imgui.cpp */; };
		C854873B28E685D00045BA42 /* imgui_tables.cpp in Sources */ = {isa = PBXBuildFile; fileRef = C854873028E685D00045BA42 /* imgui_tables.cpp */; };
		C854873C28E685D00045BA42 /* imgui_demo.cpp in Sources */ = {isa = PBXBuildFile; fileRef = C854873128E685D00045BA42 /* imgui_demo.cpp */; };
		C854873D28E685D00045BA42 /* imgui_impl_sdl.cpp in Sources */ = {isa = PBXBuildFile; fileRef = C854873228E685D00045BA42 /* imgui_impl_sdl.cpp */; };
		C854873E28E685D00045BA42 /* imgui_draw.cpp in Sources */ = {isa = PBXBuildFile; fileRef = C854873328E685D00045BA42 /* imgui_draw.cpp */; };
		C8557B2F25C661660090296D /* ui.c in Sources */ = {isa = PBXBuildFile; fileRef = C8557B2E25C661660090296D /* ui.c */; };
		C85C8DC625BD29AC00611D19 /* dis.c in Sources */ = {isa = PBXBuildFile; fileRef = C85C8DC525BD29AC00611D19 /* dis.c */; };
		C85CC20927ED6BF30063276D /* snapshot.c in Sources */ = {isa = PBXBuildFile; fileRef = C85CC20827ED6BF30063276D /* snapshot.c */; };
		C86030782761A51100F1B27D /* cpupeek.c in Sources */ = {isa = PBXBuildFile; fileRef = C86030772761A51100F1B27D /* cpupeek.c */; };
		C86B6A8228D0332000AA263A /* CpuView.swift in Sources */ = {isa = PBXBuildFile; fileRef = C86B6A8128D0332000AA263A /* CpuView.swift */; };
		C8702CF9278A58C900725690 /* haltexpr.c in Sources */ = {isa = PBXBuildFile; fileRef = C8702CF8278A58C900725690 /* haltexpr.c */; };
		C8702CFA278A598A00725690 /* haltexpr.c in Sources */ = {isa = PBXBuildFile; fileRef = C808BA6727893976001FDE39 /* haltexpr.c */; };
		C88949B12813B2DB00795CC0 /* ChrSheet.swift in Sources */ = {isa = PBXBuildFile; fileRef = C88949B02813B2DB00795CC0 /* ChrSheet.swift */; };
		C88A5E8527F6A1750039382D /* CartView.swift in Sources */ = {isa = PBXBuildFile; fileRef = C88A5E8427F6A1750039382D /* CartView.swift */; };
		C88CABDE28FA4DDD00551C65 /* uisdl.cpp in Sources */ = {isa = PBXBuildFile; fileRef = C88CABDC28FA4DDD00551C65 /* uisdl.cpp */; };
		C88CABE028FA521C00551C65 /* haltexpr.c in Sources */ = {isa = PBXBuildFile; fileRef = C808BA6727893976001FDE39 /* haltexpr.c */; };
		C88CABE128FA522D00551C65 /* tsutil.c in Sources */ = {isa = PBXBuildFile; fileRef = C8D8FDA72792691B0073639B /* tsutil.c */; };
		C88CABE228FA624D00551C65 /* ui.c in Sources */ = {isa = PBXBuildFile; fileRef = C8557B2E25C661660090296D /* ui.c */; };
		C88F3E5727D9A45E00317732 /* EmulationView.swift in Sources */ = {isa = PBXBuildFile; fileRef = C88F3E5627D9A45E00317732 /* EmulationView.swift */; };
		C89D715027D4758900C9177A /* CartPrgView.swift in Sources */ = {isa = PBXBuildFile; fileRef = C89D714F27D4758900C9177A /* CartPrgView.swift */; };
		C8A5B77B27DD79AE00A4DD5E /* Cart.swift in Sources */ = {isa = PBXBuildFile; fileRef = C8A5B77A27DD79AE00A4DD5E /* Cart.swift */; };
		C8B4664527755790000576EE /* argparse.c in Sources */ = {isa = PBXBuildFile; fileRef = C8B4664427755790000576EE /* argparse.c */; };
		C8B5303B2801300C00576D9F /* CartFocusView.swift in Sources */ = {isa = PBXBuildFile; fileRef = C8B5303A2801300C00576D9F /* CartFocusView.swift */; };
		C8B87D47285E82BD000E0D2E /* CommandViews.swift in Sources */ = {isa = PBXBuildFile; fileRef = C8B87D46285E82BD000E0D2E /* CommandViews.swift */; };
		C8B88A8A29061C3500B7CB23 /* argparse.c in Sources */ = {isa = PBXBuildFile; fileRef = C8B4664427755790000576EE /* argparse.c */; };
		C8B88A8B29061C3800B7CB23 /* cli.c in Sources */ = {isa = PBXBuildFile; fileRef = C820E6CA25A97A4E006A7AB1 /* cli.c */; };
		C8B88A8C29061C3C00B7CB23 /* main.c in Sources */ = {isa = PBXBuildFile; fileRef = C820E6D325A97FB5006A7AB1 /* main.c */; };
		C8B88A8D29061C3F00B7CB23 /* uibatch.c in Sources */ = {isa = PBXBuildFile; fileRef = C8186496277EB45900CA4AC0 /* uibatch.c */; };
		C8B88A8E29061C4100B7CB23 /* uicurses.c in Sources */ = {isa = PBXBuildFile; fileRef = C8186494277EB0F700CA4AC0 /* uicurses.c */; };
		C8B88A8F29061C5100B7CB23 /* bytes.c in Sources */ = {isa = PBXBuildFile; fileRef = C8C7068F2751EEBA00B45785 /* bytes.c */; };
		C8B88A9029061C5700B7CB23 /* cart.c in Sources */ = {isa = PBXBuildFile; fileRef = C8C7068A2751EEBA00B45785 /* cart.c */; };
		C8B88A9129061C6700B7CB23 /* debug.c in Sources */ = {isa = PBXBuildFile; fileRef = C80C9E1B277D648F000F2D8B /* debug.c */; };
		C8B88A9229061C7000B7CB23 /* dis.c in Sources */ = {isa = PBXBuildFile; fileRef = C85C8DC525BD29AC00611D19 /* dis.c */; };
		C8B88A9329061C7A00B7CB23 /* haltexpr.c in Sources */ = {isa = PBXBuildFile; fileRef = C808BA6727893976001FDE39 /* haltexpr.c */; };
		C8B88A9429061C8A00B7CB23 /* bus.c in Sources */ = {isa = PBXBuildFile; fileRef = C8C706852751EEBA00B45785 /* bus.c */; };
		C8B88A9529061C9400B7CB23 /* decode.c in Sources */ = {isa = PBXBuildFile; fileRef = C8C7068D2751EEBA00B45785 /* decode.c */; };
		C8B88A9629061C9D00B7CB23 /* cpu.c in Sources */ = {isa = PBXBuildFile; fileRef = C8C706892751EEBA00B45785 /* cpu.c */; };
		C8B88A9729061CAA00B7CB23 /* version.c in Sources */ = {isa = PBXBuildFile; fileRef = C83A30792904A2B000749A17 /* version.c */; };
		C8B88A9829061CBA00B7CB23 /* mappers.c in Sources */ = {isa = PBXBuildFile; fileRef = C8C706912751EEBA00B45785 /* mappers.c */; };
		C8B88A9929061CC300B7CB23 /* nes.c in Sources */ = {isa = PBXBuildFile; fileRef = C8C706832751EEBA00B45785 /* nes.c */; };
		C8B88A9A29061CCB00B7CB23 /* snapshot.c in Sources */ = {isa = PBXBuildFile; fileRef = C85CC20827ED6BF30063276D /* snapshot.c */; };
		C8B88A9B29061CD500B7CB23 /* tsutil.c in Sources */ = {isa = PBXBuildFile; fileRef = C8D8FDA72792691B0073639B /* tsutil.c */; };
		C8B88A9C29061CDE00B7CB23 /* trace.c in Sources */ = {isa = PBXBuildFile; fileRef = C8C706BD2751F55C00B45785 /* trace.c */; };
		C8B88A9D29061CE600B7CB23 /* ui.c in Sources */ = {isa = PBXBuildFile; fileRef = C8557B2E25C661660090296D /* ui.c */; };
		C8B88A9E29061D1500B7CB23 /* libncurses.tbd in Frameworks */ = {isa = PBXBuildFile; fileRef = C820E6DE25A982A5006A7AB1 /* libncurses.tbd */; };
		C8B88A9F29061D2000B7CB23 /* libpanel.tbd in Frameworks */ = {isa = PBXBuildFile; fileRef = C8C4B48C25ABBFA3006A98BB /* libpanel.tbd */; };
		C8C4B48D25ABBFB3006A98BB /* libpanel.tbd in Frameworks */ = {isa = PBXBuildFile; fileRef = C8C4B48C25ABBFA3006A98BB /* libpanel.tbd */; };
		C8C706922751EEBA00B45785 /* nes.c in Sources */ = {isa = PBXBuildFile; fileRef = C8C706832751EEBA00B45785 /* nes.c */; };
		C8C706932751EEBA00B45785 /* bus.c in Sources */ = {isa = PBXBuildFile; fileRef = C8C706852751EEBA00B45785 /* bus.c */; };
		C8C706942751EEBA00B45785 /* cpu.c in Sources */ = {isa = PBXBuildFile; fileRef = C8C706892751EEBA00B45785 /* cpu.c */; };
		C8C706952751EEBA00B45785 /* cart.c in Sources */ = {isa = PBXBuildFile; fileRef = C8C7068A2751EEBA00B45785 /* cart.c */; };
		C8C706962751EEBA00B45785 /* decode.c in Sources */ = {isa = PBXBuildFile; fileRef = C8C7068D2751EEBA00B45785 /* decode.c */; };
		C8C706972751EEBA00B45785 /* bytes.c in Sources */ = {isa = PBXBuildFile; fileRef = C8C7068F2751EEBA00B45785 /* bytes.c */; };
		C8C706982751EEBA00B45785 /* mappers.c in Sources */ = {isa = PBXBuildFile; fileRef = C8C706912751EEBA00B45785 /* mappers.c */; };
		C8C706A82751EF8D00B45785 /* bytes.c in Sources */ = {isa = PBXBuildFile; fileRef = C8C706992751EF8D00B45785 /* bytes.c */; };
		C8C706A92751EF8D00B45785 /* cpuimmediate.c in Sources */ = {isa = PBXBuildFile; fileRef = C8C7069B2751EF8D00B45785 /* cpuimmediate.c */; };
		C8C706AA2751EF8D00B45785 /* cpuhelp.c in Sources */ = {isa = PBXBuildFile; fileRef = C8C7069C2751EF8D00B45785 /* cpuhelp.c */; };
		C8C706AB2751EF8D00B45785 /* cpuindirect.c in Sources */ = {isa = PBXBuildFile; fileRef = C8C7069D2751EF8D00B45785 /* cpuindirect.c */; };
		C8C706AC2751EF8D00B45785 /* cpujump.c in Sources */ = {isa = PBXBuildFile; fileRef = C8C7069E2751EF8D00B45785 /* cpujump.c */; };
		C8C706AD2751EF8D00B45785 /* cpuabsolute.c in Sources */ = {isa = PBXBuildFile; fileRef = C8C7069F2751EF8D00B45785 /* cpuabsolute.c */; };
		C8C706AE2751EF8D00B45785 /* bus.c in Sources */ = {isa = PBXBuildFile; fileRef = C8C706A02751EF8D00B45785 /* bus.c */; };
		C8C706AF2751EF8D00B45785 /* cpubranch.c in Sources */ = {isa = PBXBuildFile; fileRef = C8C706A12751EF8D00B45785 /* cpubranch.c */; };
		C8C706B02751EF8D00B45785 /* cpu.c in Sources */ = {isa = PBXBuildFile; fileRef = C8C706A22751EF8D00B45785 /* cpu.c */; };
		C8C706B12751EF8D00B45785 /* cpuimplied.c in Sources */ = {isa = PBXBuildFile; fileRef = C8C706A32751EF8D00B45785 /* cpuimplied.c */; };
		C8C706B22751EF8D00B45785 /* cpusubroutine.c in Sources */ = {isa = PBXBuildFile; fileRef = C8C706A42751EF8D00B45785 /* cpusubroutine.c */; };
		C8C706B32751EF8D00B45785 /* cpuzeropage.c in Sources */ = {isa = PBXBuildFile; fileRef = C8C706A52751EF8D00B45785 /* cpuzeropage.c */; };
		C8C706B42751EF8D00B45785 /* cpuinterrupt.c in Sources */ = {isa = PBXBuildFile; fileRef = C8C706A62751EF8D00B45785 /* cpuinterrupt.c */; };
		C8C706B52751EF8D00B45785 /* cpustack.c in Sources */ = {isa = PBXBuildFile; fileRef = C8C706A72751EF8D00B45785 /* cpustack.c */; };
		C8C706B62751F0BA00B45785 /* bus.c in Sources */ = {isa = PBXBuildFile; fileRef = C8C706852751EEBA00B45785 /* bus.c */; };
		C8C706B72751F0BD00B45785 /* bytes.c in Sources */ = {isa = PBXBuildFile; fileRef = C8C7068F2751EEBA00B45785 /* bytes.c */; };
		C8C706B82751F0C000B45785 /* cart.c in Sources */ = {isa = PBXBuildFile; fileRef = C8C7068A2751EEBA00B45785 /* cart.c */; };
		C8C706B92751F0C700B45785 /* cpu.c in Sources */ = {isa = PBXBuildFile; fileRef = C8C706892751EEBA00B45785 /* cpu.c */; };
		C8C706BA2751F0CB00B45785 /* decode.c in Sources */ = {isa = PBXBuildFile; fileRef = C8C7068D2751EEBA00B45785 /* decode.c */; };
		C8C706BB2751F0CE00B45785 /* mappers.c in Sources */ = {isa = PBXBuildFile; fileRef = C8C706912751EEBA00B45785 /* mappers.c */; };
		C8C706BE2751F55C00B45785 /* trace.c in Sources */ = {isa = PBXBuildFile; fileRef = C8C706BD2751F55C00B45785 /* trace.c */; };
		C8C9FB652803F8900093D9A7 /* dis.c in Sources */ = {isa = PBXBuildFile; fileRef = C85C8DC525BD29AC00611D19 /* dis.c */; };
		C8C9FB662803F8BD0093D9A7 /* decode.c in Sources */ = {isa = PBXBuildFile; fileRef = C8C7068D2751EEBA00B45785 /* decode.c */; };
		C8C9FB672803F8C90093D9A7 /* cpu.c in Sources */ = {isa = PBXBuildFile; fileRef = C8C706892751EEBA00B45785 /* cpu.c */; };
		C8CAF74628FFB9EB00358339 /* cart.c in Sources */ = {isa = PBXBuildFile; fileRef = C8C7068A2751EEBA00B45785 /* cart.c */; };
		C8CAF74728FFB9FB00358339 /* mappers.c in Sources */ = {isa = PBXBuildFile; fileRef = C8C706912751EEBA00B45785 /* mappers.c */; };
		C8CAF74828FFBA0900358339 /* bus.c in Sources */ = {isa = PBXBuildFile; fileRef = C8C706852751EEBA00B45785 /* bus.c */; };
		C8CAF74928FFBA1200358339 /* bytes.c in Sources */ = {isa = PBXBuildFile; fileRef = C8C7068F2751EEBA00B45785 /* bytes.c */; };
		C8CAF74A28FFBA1B00358339 /* nes.c in Sources */ = {isa = PBXBuildFile; fileRef = C8C706832751EEBA00B45785 /* nes.c */; };
		C8CAF74B28FFBA2200358339 /* cpu.c in Sources */ = {isa = PBXBuildFile; fileRef = C8C706892751EEBA00B45785 /* cpu.c */; };
		C8CAF74C28FFBA2A00358339 /* decode.c in Sources */ = {isa = PBXBuildFile; fileRef = C8C7068D2751EEBA00B45785 /* decode.c */; };
		C8CAF74D28FFBA3200358339 /* debug.c in Sources */ = {isa = PBXBuildFile; fileRef = C80C9E1B277D648F000F2D8B /* debug.c */; };
		C8CAF74E28FFBA3800358339 /* snapshot.c in Sources */ = {isa = PBXBuildFile; fileRef = C85CC20827ED6BF30063276D /* snapshot.c */; };
		C8CAF74F28FFBA4000358339 /* trace.c in Sources */ = {isa = PBXBuildFile; fileRef = C8C706BD2751F55C00B45785 /* trace.c */; };
		C8CAF75028FFBA4F00358339 /* dis.c in Sources */ = {isa = PBXBuildFile; fileRef = C85C8DC525BD29AC00611D19 /* dis.c */; };
		C8D3CA0A2904E50F0087316F /* aldoc in Embed Cli */ = {isa = PBXBuildFile; fileRef = C8D3CA002904E1BD0087316F /* aldoc */; settings = {ATTRIBUTES = (CodeSignOnCopy, ); }; };
		C8D44BDD2786B571005AB586 /* argparse.c in Sources */ = {isa = PBXBuildFile; fileRef = C8D44BDC2786B571005AB586 /* argparse.c */; };
		C8D8FDA82792691B0073639B /* tsutil.c in Sources */ = {isa = PBXBuildFile; fileRef = C8D8FDA72792691B0073639B /* tsutil.c */; };
		C8DBC91027C8708A0043994B /* AldoApp.swift in Sources */ = {isa = PBXBuildFile; fileRef = C8DBC90F27C8708A0043994B /* AldoApp.swift */; };
		C8DBC91227C8708A0043994B /* ContentView.swift in Sources */ = {isa = PBXBuildFile; fileRef = C8DBC91127C8708A0043994B /* ContentView.swift */; };
		C8DBC91427C8708B0043994B /* Assets.xcassets in Resources */ = {isa = PBXBuildFile; fileRef = C8DBC91327C8708B0043994B /* Assets.xcassets */; };
		C8DBC91727C8708B0043994B /* Preview Assets.xcassets in Resources */ = {isa = PBXBuildFile; fileRef = C8DBC91627C8708B0043994B /* Preview Assets.xcassets */; };
		C8DBC92227C8708B0043994B /* AldoTests.swift in Sources */ = {isa = PBXBuildFile; fileRef = C8DBC92127C8708B0043994B /* AldoTests.swift */; };
		C8DC9CB428DFD5BA000D8D97 /* SDL2.framework in Frameworks */ = {isa = PBXBuildFile; fileRef = C8DC9CB228DFD57B000D8D97 /* SDL2.framework */; };
		C8DC9CB528DFD5BA000D8D97 /* SDL2.framework in Embed Frameworks */ = {isa = PBXBuildFile; fileRef = C8DC9CB228DFD57B000D8D97 /* SDL2.framework */; settings = {ATTRIBUTES = (CodeSignOnCopy, RemoveHeadersOnCopy, ); }; };
		C8E76BAA285985CE004C1479 /* Commands.swift in Sources */ = {isa = PBXBuildFile; fileRef = C8E76BA9285985CE004C1479 /* Commands.swift */; };
		C8F2985B2810ECEF00ECFD7E /* CStream.swift in Sources */ = {isa = PBXBuildFile; fileRef = C8F2985A2810ECEF00ECFD7E /* CStream.swift */; };
		C8FB31D12803D6EC00E6B0EF /* AldoError.swift in Sources */ = {isa = PBXBuildFile; fileRef = C8FB31D02803D6EC00E6B0EF /* AldoError.swift */; };
/* End PBXBuildFile section */

/* Begin PBXContainerItemProxy section */
		C8D3CA072904E4CE0087316F /* PBXContainerItemProxy */ = {
			isa = PBXContainerItemProxy;
			containerPortal = C85E8ADA25A9747800FF0025 /* Project object */;
			proxyType = 1;
			remoteGlobalIDString = C8D3C9FF2904E1BD0087316F;
			remoteInfo = Cli;
		};
		C8DBC91E27C8708B0043994B /* PBXContainerItemProxy */ = {
			isa = PBXContainerItemProxy;
			containerPortal = C85E8ADA25A9747800FF0025 /* Project object */;
			proxyType = 1;
			remoteGlobalIDString = C8DBC90C27C8708A0043994B;
			remoteInfo = Aldo;
		};
/* End PBXContainerItemProxy section */

/* Begin PBXCopyFilesBuildPhase section */
		C820E6BA25A9759A006A7AB1 /* CopyFiles */ = {
			isa = PBXCopyFilesBuildPhase;
			buildActionMask = 2147483647;
			dstPath = /usr/share/man/man1/;
			dstSubfolderSpec = 0;
			files = (
			);
			runOnlyForDeploymentPostprocessing = 1;
		};
		C8D3C9FE2904E1BD0087316F /* CopyFiles */ = {
			isa = PBXCopyFilesBuildPhase;
			buildActionMask = 2147483647;
			dstPath = /usr/share/man/man1/;
			dstSubfolderSpec = 0;
			files = (
			);
			runOnlyForDeploymentPostprocessing = 1;
		};
		C8D3CA092904E4D90087316F /* Embed Cli */ = {
			isa = PBXCopyFilesBuildPhase;
			buildActionMask = 2147483647;
			dstPath = Cli;
			dstSubfolderSpec = 6;
			files = (
				C8D3CA0A2904E50F0087316F /* aldoc in Embed Cli */,
			);
			name = "Embed Cli";
			runOnlyForDeploymentPostprocessing = 0;
		};
		C8DC9CB628DFD5BA000D8D97 /* Embed Frameworks */ = {
			isa = PBXCopyFilesBuildPhase;
			buildActionMask = 2147483647;
			dstPath = "";
			dstSubfolderSpec = 10;
			files = (
				C8DC9CB528DFD5BA000D8D97 /* SDL2.framework in Embed Frameworks */,
			);
			name = "Embed Frameworks";
			runOnlyForDeploymentPostprocessing = 0;
		};
/* End PBXCopyFilesBuildPhase section */

/* Begin PBXFileReference section */
		C803504128D692430022A4B9 /* Rendering.swift */ = {isa = PBXFileReference; lastKnownFileType = sourcecode.swift; path = Rendering.swift; sourceTree = "<group>"; };
		C8041C3528EE6EC000A3695F /* gui.h */ = {isa = PBXFileReference; lastKnownFileType = sourcecode.c.h; path = gui.h; sourceTree = "<group>"; };
		C8041C3628EE6EC000A3695F /* gui.c */ = {isa = PBXFileReference; lastKnownFileType = sourcecode.c.c; path = gui.c; sourceTree = "<group>"; };
		C8041C3828EE72E600A3695F /* guiplatform.h */ = {isa = PBXFileReference; lastKnownFileType = sourcecode.c.h; path = guiplatform.h; sourceTree = "<group>"; };
		C8041C3928EE740900A3695F /* macplatform.m */ = {isa = PBXFileReference; lastKnownFileType = sourcecode.c.objc; path = macplatform.m; sourceTree = "<group>"; };
		C808BA6627893976001FDE39 /* haltexpr.h */ = {isa = PBXFileReference; lastKnownFileType = sourcecode.c.h; path = haltexpr.h; sourceTree = "<group>"; };
		C808BA6727893976001FDE39 /* haltexpr.c */ = {isa = PBXFileReference; lastKnownFileType = sourcecode.c.c; path = haltexpr.c; sourceTree = "<group>"; };
		C80C9E1A277D648F000F2D8B /* debug.h */ = {isa = PBXFileReference; lastKnownFileType = sourcecode.c.h; path = debug.h; sourceTree = "<group>"; };
		C80C9E1B277D648F000F2D8B /* debug.c */ = {isa = PBXFileReference; lastKnownFileType = sourcecode.c.c; path = debug.c; sourceTree = "<group>"; };
		C8184D3B25E7496B002B3100 /* Tests.xctest */ = {isa = PBXFileReference; explicitFileType = wrapper.cfbundle; includeInIndex = 0; path = Tests.xctest; sourceTree = BUILT_PRODUCTS_DIR; };
		C8184D3D25E7496B002B3100 /* Tests.swift */ = {isa = PBXFileReference; lastKnownFileType = sourcecode.swift; path = Tests.swift; sourceTree = "<group>"; };
		C8184D3F25E7496B002B3100 /* Info.plist */ = {isa = PBXFileReference; lastKnownFileType = text.plist.xml; path = Info.plist; sourceTree = "<group>"; };
		C8184D5025E74AC5002B3100 /* main.c */ = {isa = PBXFileReference; lastKnownFileType = sourcecode.c.c; path = main.c; sourceTree = "<group>"; };
		C8184D5125E74B74002B3100 /* Tests-Bridging-Header.h */ = {isa = PBXFileReference; lastKnownFileType = sourcecode.c.h; path = "Tests-Bridging-Header.h"; sourceTree = "<group>"; };
		C8184D5225E74B75002B3100 /* dis.c */ = {isa = PBXFileReference; lastKnownFileType = sourcecode.c.c; path = dis.c; sourceTree = "<group>"; };
		C8184D6F25E750E0002B3100 /* libcinytest.dylib */ = {isa = PBXFileReference; lastKnownFileType = "compiled.mach-o.dylib"; name = libcinytest.dylib; path = /usr/local/lib/libcinytest.dylib; sourceTree = "<absolute>"; };
		C8186494277EB0F700CA4AC0 /* uicurses.c */ = {isa = PBXFileReference; lastKnownFileType = sourcecode.c.c; path = uicurses.c; sourceTree = "<group>"; };
		C8186496277EB45900CA4AC0 /* uibatch.c */ = {isa = PBXFileReference; lastKnownFileType = sourcecode.c.c; path = uibatch.c; sourceTree = "<group>"; };
		C81A516B25DA036100361E40 /* cliargs.h */ = {isa = PBXFileReference; lastKnownFileType = sourcecode.c.h; path = cliargs.h; sourceTree = "<group>"; };
		C820E6BC25A9759A006A7AB1 /* Dev */ = {isa = PBXFileReference; explicitFileType = "compiled.mach-o.executable"; includeInIndex = 0; path = Dev; sourceTree = BUILT_PRODUCTS_DIR; };
		C820E6BF25A9759A006A7AB1 /* main.swift */ = {isa = PBXFileReference; lastKnownFileType = sourcecode.swift; path = main.swift; sourceTree = "<group>"; };
		C820E6C825A97A4E006A7AB1 /* Dev-Bridging-Header.h */ = {isa = PBXFileReference; lastKnownFileType = sourcecode.c.h; path = "Dev-Bridging-Header.h"; sourceTree = "<group>"; };
		C820E6C925A97A4E006A7AB1 /* cli.h */ = {isa = PBXFileReference; lastKnownFileType = sourcecode.c.h; path = cli.h; sourceTree = "<group>"; };
		C820E6CA25A97A4E006A7AB1 /* cli.c */ = {isa = PBXFileReference; lastKnownFileType = sourcecode.c.c; path = cli.c; sourceTree = "<group>"; };
		C820E6D325A97FB5006A7AB1 /* main.c */ = {isa = PBXFileReference; lastKnownFileType = sourcecode.c.c; path = main.c; sourceTree = "<group>"; };
		C820E6DE25A982A5006A7AB1 /* libncurses.tbd */ = {isa = PBXFileReference; lastKnownFileType = "sourcecode.text-based-dylib-definition"; name = libncurses.tbd; path = usr/lib/libncurses.tbd; sourceTree = SDKROOT; };
		C830036128DEDDD100480F29 /* Aldo.app */ = {isa = PBXFileReference; explicitFileType = wrapper.application; includeInIndex = 0; path = Aldo.app; sourceTree = BUILT_PRODUCTS_DIR; };
		C830036628DEDDD200480F29 /* Assets.xcassets */ = {isa = PBXFileReference; lastKnownFileType = folder.assetcatalog; path = Assets.xcassets; sourceTree = "<group>"; };
		C830036B28DEDDD200480F29 /* main.m */ = {isa = PBXFileReference; lastKnownFileType = sourcecode.c.objc; path = main.m; sourceTree = "<group>"; };
		C830036D28DEDDD200480F29 /* Aldo.entitlements */ = {isa = PBXFileReference; lastKnownFileType = text.plist.entitlements; path = Aldo.entitlements; sourceTree = "<group>"; };
		C838D3B427D5DA4400468FDB /* CartInfoView.swift */ = {isa = PBXFileReference; lastKnownFileType = sourcecode.swift; path = CartInfoView.swift; sourceTree = "<group>"; };
		C838D3B627D5DB0300468FDB /* CartChrView.swift */ = {isa = PBXFileReference; lastKnownFileType = sourcecode.swift; path = CartChrView.swift; sourceTree = "<group>"; };
		C83965E927810D4300E1E28E /* tsutil.h */ = {isa = PBXFileReference; lastKnownFileType = sourcecode.c.h; path = tsutil.h; sourceTree = "<group>"; };
		C83A30782904A2B000749A17 /* version.h */ = {isa = PBXFileReference; lastKnownFileType = sourcecode.c.h; path = version.h; sourceTree = "<group>"; };
		C83A30792904A2B000749A17 /* version.c */ = {isa = PBXFileReference; lastKnownFileType = sourcecode.c.c; path = version.c; sourceTree = "<group>"; };
		C83C663327E2F2E6009CE42C /* Aldo-Bridging-Header.h */ = {isa = PBXFileReference; lastKnownFileType = sourcecode.c.h; path = "Aldo-Bridging-Header.h"; sourceTree = "<group>"; };
		C848C1B228FB9D630025ABD2 /* cycleclock.h */ = {isa = PBXFileReference; lastKnownFileType = sourcecode.c.h; path = cycleclock.h; sourceTree = "<group>"; };
		C8497E3F2822015100F4952E /* Disassembly.swift */ = {isa = PBXFileReference; lastKnownFileType = sourcecode.swift; path = Disassembly.swift; sourceTree = "<group>"; };
		C854872428E685D00045BA42 /* imgui.h */ = {isa = PBXFileReference; fileEncoding = 4; lastKnownFileType = sourcecode.c.h; path = imgui.h; sourceTree = "<group>"; };
		C854872528E685D00045BA42 /* imstb_textedit.h */ = {isa = PBXFileReference; fileEncoding = 4; lastKnownFileType = sourcecode.c.h; path = imstb_textedit.h; sourceTree = "<group>"; };
		C854872628E685D00045BA42 /* imconfig.h */ = {isa = PBXFileReference; fileEncoding = 4; lastKnownFileType = sourcecode.c.h; path = imconfig.h; sourceTree = "<group>"; };
		C854872728E685D00045BA42 /* imgui_widgets.cpp */ = {isa = PBXFileReference; fileEncoding = 4; lastKnownFileType = sourcecode.cpp.cpp; path = imgui_widgets.cpp; sourceTree = "<group>"; };
		C854872828E685D00045BA42 /* imstb_truetype.h */ = {isa = PBXFileReference; fileEncoding = 4; lastKnownFileType = sourcecode.c.h; path = imstb_truetype.h; sourceTree = "<group>"; };
		C854872928E685D00045BA42 /* imgui_impl_sdl.h */ = {isa = PBXFileReference; fileEncoding = 4; lastKnownFileType = sourcecode.c.h; path = imgui_impl_sdl.h; sourceTree = "<group>"; };
		C854872A28E685D00045BA42 /* imgui_impl_sdlrenderer.h */ = {isa = PBXFileReference; fileEncoding = 4; lastKnownFileType = sourcecode.c.h; path = imgui_impl_sdlrenderer.h; sourceTree = "<group>"; };
		C854872B28E685D00045BA42 /* imgui_impl_sdlrenderer.cpp */ = {isa = PBXFileReference; fileEncoding = 4; lastKnownFileType = sourcecode.cpp.cpp; path = imgui_impl_sdlrenderer.cpp; sourceTree = "<group>"; };
		C854872D28E685D00045BA42 /* imgui.cpp */ = {isa = PBXFileReference; fileEncoding = 4; lastKnownFileType = sourcecode.cpp.cpp; path = imgui.cpp; sourceTree = "<group>"; };
		C854872E28E685D00045BA42 /* imgui_internal.h */ = {isa = PBXFileReference; fileEncoding = 4; lastKnownFileType = sourcecode.c.h; path = imgui_internal.h; sourceTree = "<group>"; };
		C854872F28E685D00045BA42 /* imstb_rectpack.h */ = {isa = PBXFileReference; fileEncoding = 4; lastKnownFileType = sourcecode.c.h; path = imstb_rectpack.h; sourceTree = "<group>"; };
		C854873028E685D00045BA42 /* imgui_tables.cpp */ = {isa = PBXFileReference; fileEncoding = 4; lastKnownFileType = sourcecode.cpp.cpp; path = imgui_tables.cpp; sourceTree = "<group>"; };
		C854873128E685D00045BA42 /* imgui_demo.cpp */ = {isa = PBXFileReference; fileEncoding = 4; lastKnownFileType = sourcecode.cpp.cpp; path = imgui_demo.cpp; sourceTree = "<group>"; };
		C854873228E685D00045BA42 /* imgui_impl_sdl.cpp */ = {isa = PBXFileReference; fileEncoding = 4; lastKnownFileType = sourcecode.cpp.cpp; path = imgui_impl_sdl.cpp; sourceTree = "<group>"; };
		C854873328E685D00045BA42 /* imgui_draw.cpp */ = {isa = PBXFileReference; fileEncoding = 4; lastKnownFileType = sourcecode.cpp.cpp; path = imgui_draw.cpp; sourceTree = "<group>"; };
		C8557B2D25C661660090296D /* ui.h */ = {isa = PBXFileReference; lastKnownFileType = sourcecode.c.h; path = ui.h; sourceTree = "<group>"; };
		C8557B2E25C661660090296D /* ui.c */ = {isa = PBXFileReference; lastKnownFileType = sourcecode.c.c; path = ui.c; sourceTree = "<group>"; };
		C85C8DC425BD29AC00611D19 /* dis.h */ = {isa = PBXFileReference; lastKnownFileType = sourcecode.c.h; path = dis.h; sourceTree = "<group>"; };
		C85C8DC525BD29AC00611D19 /* dis.c */ = {isa = PBXFileReference; lastKnownFileType = sourcecode.c.c; path = dis.c; sourceTree = "<group>"; };
		C85CC20827ED6BF30063276D /* snapshot.c */ = {isa = PBXFileReference; lastKnownFileType = sourcecode.c.c; path = snapshot.c; sourceTree = "<group>"; };
		C86030772761A51100F1B27D /* cpupeek.c */ = {isa = PBXFileReference; lastKnownFileType = sourcecode.c.c; path = cpupeek.c; sourceTree = "<group>"; };
		C86B6A8128D0332000AA263A /* CpuView.swift */ = {isa = PBXFileReference; lastKnownFileType = sourcecode.swift; path = CpuView.swift; sourceTree = "<group>"; };
		C8702CF8278A58C900725690 /* haltexpr.c */ = {isa = PBXFileReference; lastKnownFileType = sourcecode.c.c; path = haltexpr.c; sourceTree = "<group>"; };
		C88949B02813B2DB00795CC0 /* ChrSheet.swift */ = {isa = PBXFileReference; lastKnownFileType = sourcecode.swift; path = ChrSheet.swift; sourceTree = "<group>"; };
		C88A5E8427F6A1750039382D /* CartView.swift */ = {isa = PBXFileReference; lastKnownFileType = sourcecode.swift; path = CartView.swift; sourceTree = "<group>"; };
		C88CABDC28FA4DDD00551C65 /* uisdl.cpp */ = {isa = PBXFileReference; lastKnownFileType = sourcecode.cpp.cpp; path = uisdl.cpp; sourceTree = "<group>"; };
		C88CABDD28FA4DDD00551C65 /* uisdl.hpp */ = {isa = PBXFileReference; lastKnownFileType = sourcecode.cpp.h; path = uisdl.hpp; sourceTree = "<group>"; };
		C88CABE328FA63DD00551C65 /* bridgeopen.h */ = {isa = PBXFileReference; lastKnownFileType = sourcecode.c.h; path = bridgeopen.h; sourceTree = "<group>"; };
		C88CABE428FA63E700551C65 /* bridgeclose.h */ = {isa = PBXFileReference; lastKnownFileType = sourcecode.c.h; path = bridgeclose.h; sourceTree = "<group>"; };
		C88F3E5627D9A45E00317732 /* EmulationView.swift */ = {isa = PBXFileReference; lastKnownFileType = sourcecode.swift; path = EmulationView.swift; sourceTree = "<group>"; };
		C89D714F27D4758900C9177A /* CartPrgView.swift */ = {isa = PBXFileReference; lastKnownFileType = sourcecode.swift; path = CartPrgView.swift; sourceTree = "<group>"; };
		C8A5B77A27DD79AE00A4DD5E /* Cart.swift */ = {isa = PBXFileReference; lastKnownFileType = sourcecode.swift; path = Cart.swift; sourceTree = "<group>"; };
		C8B4664327755790000576EE /* argparse.h */ = {isa = PBXFileReference; lastKnownFileType = sourcecode.c.h; path = argparse.h; sourceTree = "<group>"; };
		C8B4664427755790000576EE /* argparse.c */ = {isa = PBXFileReference; lastKnownFileType = sourcecode.c.c; path = argparse.c; sourceTree = "<group>"; };
		C8B5303A2801300C00576D9F /* CartFocusView.swift */ = {isa = PBXFileReference; lastKnownFileType = sourcecode.swift; path = CartFocusView.swift; sourceTree = "<group>"; };
		C8B87D46285E82BD000E0D2E /* CommandViews.swift */ = {isa = PBXFileReference; lastKnownFileType = sourcecode.swift; path = CommandViews.swift; sourceTree = "<group>"; };
		C8B88AA42906277800B7CB23 /* libaldo.dylib */ = {isa = PBXFileReference; explicitFileType = "compiled.mach-o.dylib"; includeInIndex = 0; path = libaldo.dylib; sourceTree = BUILT_PRODUCTS_DIR; };
		C8C4B48C25ABBFA3006A98BB /* libpanel.tbd */ = {isa = PBXFileReference; lastKnownFileType = "sourcecode.text-based-dylib-definition"; name = libpanel.tbd; path = usr/lib/libpanel.tbd; sourceTree = SDKROOT; };
		C8C706832751EEBA00B45785 /* nes.c */ = {isa = PBXFileReference; fileEncoding = 4; lastKnownFileType = sourcecode.c.c; path = nes.c; sourceTree = "<group>"; };
		C8C706842751EEBA00B45785 /* cpu.h */ = {isa = PBXFileReference; fileEncoding = 4; lastKnownFileType = sourcecode.c.h; path = cpu.h; sourceTree = "<group>"; };
		C8C706852751EEBA00B45785 /* bus.c */ = {isa = PBXFileReference; fileEncoding = 4; lastKnownFileType = sourcecode.c.c; path = bus.c; sourceTree = "<group>"; };
		C8C706862751EEBA00B45785 /* mappers.h */ = {isa = PBXFileReference; fileEncoding = 4; lastKnownFileType = sourcecode.c.h; path = mappers.h; sourceTree = "<group>"; };
		C8C706872751EEBA00B45785 /* nes.h */ = {isa = PBXFileReference; fileEncoding = 4; lastKnownFileType = sourcecode.c.h; path = nes.h; sourceTree = "<group>"; };
		C8C706882751EEBA00B45785 /* bytes.h */ = {isa = PBXFileReference; fileEncoding = 4; lastKnownFileType = sourcecode.c.h; path = bytes.h; sourceTree = "<group>"; };
		C8C706892751EEBA00B45785 /* cpu.c */ = {isa = PBXFileReference; fileEncoding = 4; lastKnownFileType = sourcecode.c.c; path = cpu.c; sourceTree = "<group>"; };
		C8C7068A2751EEBA00B45785 /* cart.c */ = {isa = PBXFileReference; fileEncoding = 4; lastKnownFileType = sourcecode.c.c; path = cart.c; sourceTree = "<group>"; };
		C8C7068B2751EEBA00B45785 /* snapshot.h */ = {isa = PBXFileReference; fileEncoding = 4; lastKnownFileType = sourcecode.c.h; path = snapshot.h; sourceTree = "<group>"; };
		C8C7068C2751EEBA00B45785 /* decode.h */ = {isa = PBXFileReference; fileEncoding = 4; lastKnownFileType = sourcecode.c.h; path = decode.h; sourceTree = "<group>"; };
		C8C7068D2751EEBA00B45785 /* decode.c */ = {isa = PBXFileReference; fileEncoding = 4; lastKnownFileType = sourcecode.c.c; path = decode.c; sourceTree = "<group>"; };
		C8C7068E2751EEBA00B45785 /* cart.h */ = {isa = PBXFileReference; fileEncoding = 4; lastKnownFileType = sourcecode.c.h; path = cart.h; sourceTree = "<group>"; };
		C8C7068F2751EEBA00B45785 /* bytes.c */ = {isa = PBXFileReference; fileEncoding = 4; lastKnownFileType = sourcecode.c.c; path = bytes.c; sourceTree = "<group>"; };
		C8C706902751EEBA00B45785 /* bus.h */ = {isa = PBXFileReference; fileEncoding = 4; lastKnownFileType = sourcecode.c.h; path = bus.h; sourceTree = "<group>"; };
		C8C706912751EEBA00B45785 /* mappers.c */ = {isa = PBXFileReference; fileEncoding = 4; lastKnownFileType = sourcecode.c.c; path = mappers.c; sourceTree = "<group>"; };
		C8C706992751EF8D00B45785 /* bytes.c */ = {isa = PBXFileReference; fileEncoding = 4; lastKnownFileType = sourcecode.c.c; path = bytes.c; sourceTree = "<group>"; };
		C8C7069A2751EF8D00B45785 /* cpuhelp.h */ = {isa = PBXFileReference; fileEncoding = 4; lastKnownFileType = sourcecode.c.h; path = cpuhelp.h; sourceTree = "<group>"; };
		C8C7069B2751EF8D00B45785 /* cpuimmediate.c */ = {isa = PBXFileReference; fileEncoding = 4; lastKnownFileType = sourcecode.c.c; path = cpuimmediate.c; sourceTree = "<group>"; };
		C8C7069C2751EF8D00B45785 /* cpuhelp.c */ = {isa = PBXFileReference; fileEncoding = 4; lastKnownFileType = sourcecode.c.c; path = cpuhelp.c; sourceTree = "<group>"; };
		C8C7069D2751EF8D00B45785 /* cpuindirect.c */ = {isa = PBXFileReference; fileEncoding = 4; lastKnownFileType = sourcecode.c.c; path = cpuindirect.c; sourceTree = "<group>"; };
		C8C7069E2751EF8D00B45785 /* cpujump.c */ = {isa = PBXFileReference; fileEncoding = 4; lastKnownFileType = sourcecode.c.c; path = cpujump.c; sourceTree = "<group>"; };
		C8C7069F2751EF8D00B45785 /* cpuabsolute.c */ = {isa = PBXFileReference; fileEncoding = 4; lastKnownFileType = sourcecode.c.c; path = cpuabsolute.c; sourceTree = "<group>"; };
		C8C706A02751EF8D00B45785 /* bus.c */ = {isa = PBXFileReference; fileEncoding = 4; lastKnownFileType = sourcecode.c.c; path = bus.c; sourceTree = "<group>"; };
		C8C706A12751EF8D00B45785 /* cpubranch.c */ = {isa = PBXFileReference; fileEncoding = 4; lastKnownFileType = sourcecode.c.c; path = cpubranch.c; sourceTree = "<group>"; };
		C8C706A22751EF8D00B45785 /* cpu.c */ = {isa = PBXFileReference; fileEncoding = 4; lastKnownFileType = sourcecode.c.c; path = cpu.c; sourceTree = "<group>"; };
		C8C706A32751EF8D00B45785 /* cpuimplied.c */ = {isa = PBXFileReference; fileEncoding = 4; lastKnownFileType = sourcecode.c.c; path = cpuimplied.c; sourceTree = "<group>"; };
		C8C706A42751EF8D00B45785 /* cpusubroutine.c */ = {isa = PBXFileReference; fileEncoding = 4; lastKnownFileType = sourcecode.c.c; path = cpusubroutine.c; sourceTree = "<group>"; };
		C8C706A52751EF8D00B45785 /* cpuzeropage.c */ = {isa = PBXFileReference; fileEncoding = 4; lastKnownFileType = sourcecode.c.c; path = cpuzeropage.c; sourceTree = "<group>"; };
		C8C706A62751EF8D00B45785 /* cpuinterrupt.c */ = {isa = PBXFileReference; fileEncoding = 4; lastKnownFileType = sourcecode.c.c; path = cpuinterrupt.c; sourceTree = "<group>"; };
		C8C706A72751EF8D00B45785 /* cpustack.c */ = {isa = PBXFileReference; fileEncoding = 4; lastKnownFileType = sourcecode.c.c; path = cpustack.c; sourceTree = "<group>"; };
		C8C706BC2751F55C00B45785 /* trace.h */ = {isa = PBXFileReference; lastKnownFileType = sourcecode.c.h; path = trace.h; sourceTree = "<group>"; };
		C8C706BD2751F55C00B45785 /* trace.c */ = {isa = PBXFileReference; lastKnownFileType = sourcecode.c.c; path = trace.c; sourceTree = "<group>"; };
		C8D3CA002904E1BD0087316F /* aldoc */ = {isa = PBXFileReference; explicitFileType = "compiled.mach-o.executable"; includeInIndex = 0; path = aldoc; sourceTree = BUILT_PRODUCTS_DIR; };
		C8D44BDC2786B571005AB586 /* argparse.c */ = {isa = PBXFileReference; lastKnownFileType = sourcecode.c.c; path = argparse.c; sourceTree = "<group>"; };
		C8D8FDA72792691B0073639B /* tsutil.c */ = {isa = PBXFileReference; lastKnownFileType = sourcecode.c.c; path = tsutil.c; sourceTree = "<group>"; };
		C8DBC90D27C8708A0043994B /* AldoSwiftUI.app */ = {isa = PBXFileReference; explicitFileType = wrapper.application; includeInIndex = 0; path = AldoSwiftUI.app; sourceTree = BUILT_PRODUCTS_DIR; };
		C8DBC90F27C8708A0043994B /* AldoApp.swift */ = {isa = PBXFileReference; lastKnownFileType = sourcecode.swift; path = AldoApp.swift; sourceTree = "<group>"; };
		C8DBC91127C8708A0043994B /* ContentView.swift */ = {isa = PBXFileReference; lastKnownFileType = sourcecode.swift; path = ContentView.swift; sourceTree = "<group>"; };
		C8DBC91327C8708B0043994B /* Assets.xcassets */ = {isa = PBXFileReference; lastKnownFileType = folder.assetcatalog; path = Assets.xcassets; sourceTree = "<group>"; };
		C8DBC91627C8708B0043994B /* Preview Assets.xcassets */ = {isa = PBXFileReference; lastKnownFileType = folder.assetcatalog; path = "Preview Assets.xcassets"; sourceTree = "<group>"; };
		C8DBC91827C8708B0043994B /* Aldo.entitlements */ = {isa = PBXFileReference; lastKnownFileType = text.plist.entitlements; path = Aldo.entitlements; sourceTree = "<group>"; };
		C8DBC91D27C8708B0043994B /* AldoSwiftUITests.xctest */ = {isa = PBXFileReference; explicitFileType = wrapper.cfbundle; includeInIndex = 0; path = AldoSwiftUITests.xctest; sourceTree = BUILT_PRODUCTS_DIR; };
		C8DBC92127C8708B0043994B /* AldoTests.swift */ = {isa = PBXFileReference; lastKnownFileType = sourcecode.swift; path = AldoTests.swift; sourceTree = "<group>"; };
		C8DC9CB228DFD57B000D8D97 /* SDL2.framework */ = {isa = PBXFileReference; lastKnownFileType = wrapper.framework; name = SDL2.framework; path = ../ext/SDL2.framework; sourceTree = "<group>"; };
		C8DC9CB828DFE5B4000D8D97 /* Info.plist */ = {isa = PBXFileReference; lastKnownFileType = text.plist; path = Info.plist; sourceTree = "<group>"; };
		C8E76BA9285985CE004C1479 /* Commands.swift */ = {isa = PBXFileReference; lastKnownFileType = sourcecode.swift; path = Commands.swift; sourceTree = "<group>"; };
		C8E9478128FE45EA0073D1AA /* ctrlsignal.h */ = {isa = PBXFileReference; lastKnownFileType = sourcecode.c.h; path = ctrlsignal.h; sourceTree = "<group>"; };
		C8F2985A2810ECEF00ECFD7E /* CStream.swift */ = {isa = PBXFileReference; lastKnownFileType = sourcecode.swift; path = CStream.swift; sourceTree = "<group>"; };
		C8F617A228F7B62A0086A34C /* cartinfo.h */ = {isa = PBXFileReference; lastKnownFileType = sourcecode.c.h; path = cartinfo.h; sourceTree = "<group>"; };
		C8FB31D02803D6EC00E6B0EF /* AldoError.swift */ = {isa = PBXFileReference; lastKnownFileType = sourcecode.swift; path = AldoError.swift; sourceTree = "<group>"; };
/* End PBXFileReference section */

/* Begin PBXFrameworksBuildPhase section */
		C8184D3825E7496B002B3100 /* Frameworks */ = {
			isa = PBXFrameworksBuildPhase;
			buildActionMask = 2147483647;
			files = (
				C8184D7025E750E0002B3100 /* libcinytest.dylib in Frameworks */,
			);
			runOnlyForDeploymentPostprocessing = 0;
		};
		C820E6B925A9759A006A7AB1 /* Frameworks */ = {
			isa = PBXFrameworksBuildPhase;
			buildActionMask = 2147483647;
			files = (
				C820E6E025A98557006A7AB1 /* libncurses.tbd in Frameworks */,
				C8C4B48D25ABBFB3006A98BB /* libpanel.tbd in Frameworks */,
			);
			runOnlyForDeploymentPostprocessing = 0;
		};
		C830035E28DEDDD100480F29 /* Frameworks */ = {
			isa = PBXFrameworksBuildPhase;
			buildActionMask = 2147483647;
			files = (
				C8DC9CB428DFD5BA000D8D97 /* SDL2.framework in Frameworks */,
			);
			runOnlyForDeploymentPostprocessing = 0;
		};
		C8B88AA22906277800B7CB23 /* Frameworks */ = {
			isa = PBXFrameworksBuildPhase;
			buildActionMask = 2147483647;
			files = (
			);
			runOnlyForDeploymentPostprocessing = 0;
		};
		C8D3C9FD2904E1BD0087316F /* Frameworks */ = {
			isa = PBXFrameworksBuildPhase;
			buildActionMask = 2147483647;
			files = (
				C8B88A9E29061D1500B7CB23 /* libncurses.tbd in Frameworks */,
				C8B88A9F29061D2000B7CB23 /* libpanel.tbd in Frameworks */,
			);
			runOnlyForDeploymentPostprocessing = 0;
		};
		C8DBC90A27C8708A0043994B /* Frameworks */ = {
			isa = PBXFrameworksBuildPhase;
			buildActionMask = 2147483647;
			files = (
			);
			runOnlyForDeploymentPostprocessing = 0;
		};
		C8DBC91A27C8708B0043994B /* Frameworks */ = {
			isa = PBXFrameworksBuildPhase;
			buildActionMask = 2147483647;
			files = (
			);
			runOnlyForDeploymentPostprocessing = 0;
		};
/* End PBXFrameworksBuildPhase section */

/* Begin PBXGroup section */
		C8184D3C25E7496B002B3100 /* Tests */ = {
			isa = PBXGroup;
			children = (
				C8184D5125E74B74002B3100 /* Tests-Bridging-Header.h */,
				C8184D3D25E7496B002B3100 /* Tests.swift */,
				C8184D3F25E7496B002B3100 /* Info.plist */,
			);
			path = Tests;
			sourceTree = "<group>";
		};
		C8184D4E25E74A9F002B3100 /* test */ = {
			isa = PBXGroup;
			children = (
				C8D44BDC2786B571005AB586 /* argparse.c */,
				C8C706A02751EF8D00B45785 /* bus.c */,
				C8C706992751EF8D00B45785 /* bytes.c */,
				C8C706A22751EF8D00B45785 /* cpu.c */,
				C8C7069F2751EF8D00B45785 /* cpuabsolute.c */,
				C8C706A12751EF8D00B45785 /* cpubranch.c */,
				C8C7069A2751EF8D00B45785 /* cpuhelp.h */,
				C8C7069C2751EF8D00B45785 /* cpuhelp.c */,
				C8C7069B2751EF8D00B45785 /* cpuimmediate.c */,
				C8C706A32751EF8D00B45785 /* cpuimplied.c */,
				C8C7069D2751EF8D00B45785 /* cpuindirect.c */,
				C8C706A62751EF8D00B45785 /* cpuinterrupt.c */,
				C8C7069E2751EF8D00B45785 /* cpujump.c */,
				C86030772761A51100F1B27D /* cpupeek.c */,
				C8C706A72751EF8D00B45785 /* cpustack.c */,
				C8C706A42751EF8D00B45785 /* cpusubroutine.c */,
				C8C706A52751EF8D00B45785 /* cpuzeropage.c */,
				C8184D5225E74B75002B3100 /* dis.c */,
				C8702CF8278A58C900725690 /* haltexpr.c */,
				C8184D5025E74AC5002B3100 /* main.c */,
			);
			name = test;
			path = ../test;
			sourceTree = "<group>";
		};
		C820E6BD25A9759A006A7AB1 /* Products */ = {
			isa = PBXGroup;
			children = (
				C820E6BC25A9759A006A7AB1 /* Dev */,
				C8184D3B25E7496B002B3100 /* Tests.xctest */,
				C8DBC90D27C8708A0043994B /* AldoSwiftUI.app */,
				C8DBC91D27C8708B0043994B /* AldoSwiftUITests.xctest */,
				C830036128DEDDD100480F29 /* Aldo.app */,
				C8D3CA002904E1BD0087316F /* aldoc */,
				C8B88AA42906277800B7CB23 /* libaldo.dylib */,
			);
			name = Products;
			sourceTree = "<group>";
		};
		C820E6BE25A9759A006A7AB1 /* Dev */ = {
			isa = PBXGroup;
			children = (
				C820E6C825A97A4E006A7AB1 /* Dev-Bridging-Header.h */,
				C820E6BF25A9759A006A7AB1 /* main.swift */,
			);
			path = Dev;
			sourceTree = "<group>";
		};
		C820E6C625A97A2F006A7AB1 /* src */ = {
			isa = PBXGroup;
			children = (
				C83A30742904973F00749A17 /* cli */,
				C8B0E66728E01B3E0054547D /* gui */,
				C88CABE328FA63DD00551C65 /* bridgeopen.h */,
				C88CABE428FA63E700551C65 /* bridgeclose.h */,
				C8C706902751EEBA00B45785 /* bus.h */,
				C8C706852751EEBA00B45785 /* bus.c */,
				C8C706882751EEBA00B45785 /* bytes.h */,
				C8C7068F2751EEBA00B45785 /* bytes.c */,
				C8C7068E2751EEBA00B45785 /* cart.h */,
				C8C7068A2751EEBA00B45785 /* cart.c */,
				C8F617A228F7B62A0086A34C /* cartinfo.h */,
				C8C706842751EEBA00B45785 /* cpu.h */,
				C8C706892751EEBA00B45785 /* cpu.c */,
				C8E9478128FE45EA0073D1AA /* ctrlsignal.h */,
				C848C1B228FB9D630025ABD2 /* cycleclock.h */,
				C80C9E1A277D648F000F2D8B /* debug.h */,
				C80C9E1B277D648F000F2D8B /* debug.c */,
				C8C7068C2751EEBA00B45785 /* decode.h */,
				C8C7068D2751EEBA00B45785 /* decode.c */,
				C85C8DC425BD29AC00611D19 /* dis.h */,
				C85C8DC525BD29AC00611D19 /* dis.c */,
				C808BA6627893976001FDE39 /* haltexpr.h */,
				C808BA6727893976001FDE39 /* haltexpr.c */,
				C8C706862751EEBA00B45785 /* mappers.h */,
				C8C706912751EEBA00B45785 /* mappers.c */,
				C8C706872751EEBA00B45785 /* nes.h */,
				C8C706832751EEBA00B45785 /* nes.c */,
				C8C7068B2751EEBA00B45785 /* snapshot.h */,
				C85CC20827ED6BF30063276D /* snapshot.c */,
				C8C706BC2751F55C00B45785 /* trace.h */,
				C8C706BD2751F55C00B45785 /* trace.c */,
				C83965E927810D4300E1E28E /* tsutil.h */,
				C8D8FDA72792691B0073639B /* tsutil.c */,
				C8557B2D25C661660090296D /* ui.h */,
				C8557B2E25C661660090296D /* ui.c */,
				C83A30782904A2B000749A17 /* version.h */,
				C83A30792904A2B000749A17 /* version.c */,
			);
			name = src;
			path = ../src;
			sourceTree = "<group>";
		};
		C820E6DD25A982A5006A7AB1 /* Frameworks */ = {
			isa = PBXGroup;
			children = (
				C8DC9CB228DFD57B000D8D97 /* SDL2.framework */,
				C8184D6F25E750E0002B3100 /* libcinytest.dylib */,
				C820E6DE25A982A5006A7AB1 /* libncurses.tbd */,
				C8C4B48C25ABBFA3006A98BB /* libpanel.tbd */,
			);
			name = Frameworks;
			sourceTree = "<group>";
		};
		C830036228DEDDD100480F29 /* Aldo */ = {
			isa = PBXGroup;
			children = (
				C8041C3928EE740900A3695F /* macplatform.m */,
				C830036B28DEDDD200480F29 /* main.m */,
				C830036628DEDDD200480F29 /* Assets.xcassets */,
				C830036D28DEDDD200480F29 /* Aldo.entitlements */,
				C8DC9CB828DFE5B4000D8D97 /* Info.plist */,
			);
			path = Aldo;
			sourceTree = "<group>";
		};
		C83A30742904973F00749A17 /* cli */ = {
			isa = PBXGroup;
			children = (
				C8B4664327755790000576EE /* argparse.h */,
				C8B4664427755790000576EE /* argparse.c */,
				C820E6C925A97A4E006A7AB1 /* cli.h */,
				C820E6CA25A97A4E006A7AB1 /* cli.c */,
				C81A516B25DA036100361E40 /* cliargs.h */,
				C820E6D325A97FB5006A7AB1 /* main.c */,
				C8186496277EB45900CA4AC0 /* uibatch.c */,
				C8186494277EB0F700CA4AC0 /* uicurses.c */,
			);
			path = cli;
			sourceTree = "<group>";
		};
		C854872028E685D00045BA42 /* ext */ = {
			isa = PBXGroup;
			children = (
				C854872328E685D00045BA42 /* imgui */,
			);
			name = ext;
			path = ../ext;
			sourceTree = "<group>";
		};
		C854872328E685D00045BA42 /* imgui */ = {
			isa = PBXGroup;
			children = (
				C854872428E685D00045BA42 /* imgui.h */,
				C854872528E685D00045BA42 /* imstb_textedit.h */,
				C854872628E685D00045BA42 /* imconfig.h */,
				C854872728E685D00045BA42 /* imgui_widgets.cpp */,
				C854872828E685D00045BA42 /* imstb_truetype.h */,
				C854872928E685D00045BA42 /* imgui_impl_sdl.h */,
				C854872A28E685D00045BA42 /* imgui_impl_sdlrenderer.h */,
				C854872B28E685D00045BA42 /* imgui_impl_sdlrenderer.cpp */,
				C854872D28E685D00045BA42 /* imgui.cpp */,
				C854872E28E685D00045BA42 /* imgui_internal.h */,
				C854872F28E685D00045BA42 /* imstb_rectpack.h */,
				C854873028E685D00045BA42 /* imgui_tables.cpp */,
				C854873128E685D00045BA42 /* imgui_demo.cpp */,
				C854873228E685D00045BA42 /* imgui_impl_sdl.cpp */,
				C854873328E685D00045BA42 /* imgui_draw.cpp */,
			);
			path = imgui;
			sourceTree = "<group>";
		};
		C85E8AD925A9747800FF0025 = {
			isa = PBXGroup;
			children = (
				C854872028E685D00045BA42 /* ext */,
				C820E6C625A97A2F006A7AB1 /* src */,
				C8184D4E25E74A9F002B3100 /* test */,
				C830036228DEDDD100480F29 /* Aldo */,
				C8DBC90E27C8708A0043994B /* AldoSwiftUI */,
				C8DBC92027C8708B0043994B /* AldoSwiftUITests */,
				C820E6BE25A9759A006A7AB1 /* Dev */,
				C8184D3C25E7496B002B3100 /* Tests */,
				C820E6DD25A982A5006A7AB1 /* Frameworks */,
				C820E6BD25A9759A006A7AB1 /* Products */,
			);
			sourceTree = "<group>";
		};
		C8A5B77927DD799200A4DD5E /* ViewModels */ = {
			isa = PBXGroup;
			children = (
				C8FB31D02803D6EC00E6B0EF /* AldoError.swift */,
				C8A5B77A27DD79AE00A4DD5E /* Cart.swift */,
				C88949B02813B2DB00795CC0 /* ChrSheet.swift */,
				C8E76BA9285985CE004C1479 /* Commands.swift */,
				C8F2985A2810ECEF00ECFD7E /* CStream.swift */,
				C8497E3F2822015100F4952E /* Disassembly.swift */,
				C803504128D692430022A4B9 /* Rendering.swift */,
			);
			path = ViewModels;
			sourceTree = "<group>";
		};
		C8B0E66728E01B3E0054547D /* gui */ = {
			isa = PBXGroup;
			children = (
				C8041C3528EE6EC000A3695F /* gui.h */,
				C8041C3628EE6EC000A3695F /* gui.c */,
				C8041C3828EE72E600A3695F /* guiplatform.h */,
				C88CABDD28FA4DDD00551C65 /* uisdl.hpp */,
				C88CABDC28FA4DDD00551C65 /* uisdl.cpp */,
			);
			path = gui;
			sourceTree = "<group>";
		};
		C8DBC90E27C8708A0043994B /* AldoSwiftUI */ = {
			isa = PBXGroup;
			children = (
				C83C663327E2F2E6009CE42C /* Aldo-Bridging-Header.h */,
				C8A5B77927DD799200A4DD5E /* ViewModels */,
				C8DBC90F27C8708A0043994B /* AldoApp.swift */,
				C838D3B627D5DB0300468FDB /* CartChrView.swift */,
				C8B5303A2801300C00576D9F /* CartFocusView.swift */,
				C838D3B427D5DA4400468FDB /* CartInfoView.swift */,
				C89D714F27D4758900C9177A /* CartPrgView.swift */,
				C88A5E8427F6A1750039382D /* CartView.swift */,
				C8B87D46285E82BD000E0D2E /* CommandViews.swift */,
				C8DBC91127C8708A0043994B /* ContentView.swift */,
				C86B6A8128D0332000AA263A /* CpuView.swift */,
				C88F3E5627D9A45E00317732 /* EmulationView.swift */,
				C8DBC91327C8708B0043994B /* Assets.xcassets */,
				C8DBC91827C8708B0043994B /* Aldo.entitlements */,
				C8DBC91527C8708B0043994B /* Preview Content */,
			);
			path = AldoSwiftUI;
			sourceTree = "<group>";
		};
		C8DBC91527C8708B0043994B /* Preview Content */ = {
			isa = PBXGroup;
			children = (
				C8DBC91627C8708B0043994B /* Preview Assets.xcassets */,
			);
			path = "Preview Content";
			sourceTree = "<group>";
		};
		C8DBC92027C8708B0043994B /* AldoSwiftUITests */ = {
			isa = PBXGroup;
			children = (
				C8DBC92127C8708B0043994B /* AldoTests.swift */,
			);
			path = AldoSwiftUITests;
			sourceTree = "<group>";
		};
/* End PBXGroup section */

/* Begin PBXHeadersBuildPhase section */
		C8B88AA02906277800B7CB23 /* Headers */ = {
			isa = PBXHeadersBuildPhase;
			buildActionMask = 2147483647;
			files = (
			);
			runOnlyForDeploymentPostprocessing = 0;
		};
/* End PBXHeadersBuildPhase section */

/* Begin PBXNativeTarget section */
		C8184D3A25E7496B002B3100 /* Tests */ = {
			isa = PBXNativeTarget;
			buildConfigurationList = C8184D4225E7496B002B3100 /* Build configuration list for PBXNativeTarget "Tests" */;
			buildPhases = (
				C8184D3725E7496B002B3100 /* Sources */,
				C8184D3825E7496B002B3100 /* Frameworks */,
				C8184D3925E7496B002B3100 /* Resources */,
			);
			buildRules = (
			);
			dependencies = (
			);
			name = Tests;
			productName = Tests;
			productReference = C8184D3B25E7496B002B3100 /* Tests.xctest */;
			productType = "com.apple.product-type.bundle.unit-test";
		};
		C820E6BB25A9759A006A7AB1 /* Dev */ = {
			isa = PBXNativeTarget;
			buildConfigurationList = C820E6C325A9759A006A7AB1 /* Build configuration list for PBXNativeTarget "Dev" */;
			buildPhases = (
				C820E6B825A9759A006A7AB1 /* Sources */,
				C820E6B925A9759A006A7AB1 /* Frameworks */,
				C820E6BA25A9759A006A7AB1 /* CopyFiles */,
			);
			buildRules = (
			);
			dependencies = (
			);
			name = Dev;
			productName = Dev;
			productReference = C820E6BC25A9759A006A7AB1 /* Dev */;
			productType = "com.apple.product-type.tool";
		};
		C830036028DEDDD100480F29 /* Aldo */ = {
			isa = PBXNativeTarget;
			buildConfigurationList = C830037028DEDDD200480F29 /* Build configuration list for PBXNativeTarget "Aldo" */;
			buildPhases = (
				C830035D28DEDDD100480F29 /* Sources */,
				C830035E28DEDDD100480F29 /* Frameworks */,
				C830035F28DEDDD100480F29 /* Resources */,
				C8DC9CB628DFD5BA000D8D97 /* Embed Frameworks */,
				C8D3CA092904E4D90087316F /* Embed Cli */,
			);
			buildRules = (
			);
			dependencies = (
				C8D3CA082904E4CE0087316F /* PBXTargetDependency */,
			);
			name = Aldo;
			productName = Aldo;
			productReference = C830036128DEDDD100480F29 /* Aldo.app */;
			productType = "com.apple.product-type.application";
		};
		C8B88AA32906277800B7CB23 /* Lib */ = {
			isa = PBXNativeTarget;
			buildConfigurationList = C8B88AA52906277800B7CB23 /* Build configuration list for PBXNativeTarget "Lib" */;
			buildPhases = (
				C8B88AA02906277800B7CB23 /* Headers */,
				C8B88AA12906277800B7CB23 /* Sources */,
				C8B88AA22906277800B7CB23 /* Frameworks */,
			);
			buildRules = (
			);
			dependencies = (
			);
			name = Lib;
			productName = Lib;
			productReference = C8B88AA42906277800B7CB23 /* libaldo.dylib */;
			productType = "com.apple.product-type.library.dynamic";
		};
		C8D3C9FF2904E1BD0087316F /* Cli */ = {
			isa = PBXNativeTarget;
			buildConfigurationList = C8D3CA062904E1BD0087316F /* Build configuration list for PBXNativeTarget "Cli" */;
			buildPhases = (
				C8D3C9FC2904E1BD0087316F /* Sources */,
				C8D3C9FD2904E1BD0087316F /* Frameworks */,
				C8D3C9FE2904E1BD0087316F /* CopyFiles */,
			);
			buildRules = (
			);
			dependencies = (
			);
			name = Cli;
			productName = Cli;
			productReference = C8D3CA002904E1BD0087316F /* aldoc */;
			productType = "com.apple.product-type.tool";
		};
		C8DBC90C27C8708A0043994B /* AldoSwiftUI */ = {
			isa = PBXNativeTarget;
			buildConfigurationList = C8DBC92F27C8708B0043994B /* Build configuration list for PBXNativeTarget "AldoSwiftUI" */;
			buildPhases = (
				C8DBC90927C8708A0043994B /* Sources */,
				C8DBC90A27C8708A0043994B /* Frameworks */,
				C8DBC90B27C8708A0043994B /* Resources */,
			);
			buildRules = (
			);
			dependencies = (
			);
			name = AldoSwiftUI;
			productName = AldoSwiftUI;
			productReference = C8DBC90D27C8708A0043994B /* AldoSwiftUI.app */;
			productType = "com.apple.product-type.application";
		};
		C8DBC91C27C8708B0043994B /* AldoSwiftUITests */ = {
			isa = PBXNativeTarget;
			buildConfigurationList = C8DBC93227C8708B0043994B /* Build configuration list for PBXNativeTarget "AldoSwiftUITests" */;
			buildPhases = (
				C8DBC91927C8708B0043994B /* Sources */,
				C8DBC91A27C8708B0043994B /* Frameworks */,
				C8DBC91B27C8708B0043994B /* Resources */,
			);
			buildRules = (
			);
			dependencies = (
				C8DBC91F27C8708B0043994B /* PBXTargetDependency */,
			);
			name = AldoSwiftUITests;
			productName = AldoSwiftUITests;
			productReference = C8DBC91D27C8708B0043994B /* AldoSwiftUITests.xctest */;
			productType = "com.apple.product-type.bundle.unit-test";
		};
/* End PBXNativeTarget section */

/* Begin PBXProject section */
		C85E8ADA25A9747800FF0025 /* Project object */ = {
			isa = PBXProject;
			attributes = {
				LastSwiftUpdateCheck = 1320;
				LastUpgradeCheck = 1400;
				TargetAttributes = {
					C8184D3A25E7496B002B3100 = {
						CreatedOnToolsVersion = 12.4;
						LastSwiftMigration = 1240;
					};
					C820E6BB25A9759A006A7AB1 = {
						CreatedOnToolsVersion = 12.3;
						LastSwiftMigration = 1230;
					};
					C830036028DEDDD100480F29 = {
						CreatedOnToolsVersion = 14.0;
					};
					C8B88AA32906277800B7CB23 = {
						CreatedOnToolsVersion = 14.0.1;
					};
					C8D3C9FF2904E1BD0087316F = {
						CreatedOnToolsVersion = 14.0.1;
					};
					C8DBC90C27C8708A0043994B = {
						CreatedOnToolsVersion = 13.2.1;
						LastSwiftMigration = 1330;
					};
					C8DBC91C27C8708B0043994B = {
						CreatedOnToolsVersion = 13.2.1;
						TestTargetID = C8DBC90C27C8708A0043994B;
					};
				};
			};
			buildConfigurationList = C85E8ADD25A9747800FF0025 /* Build configuration list for PBXProject "Aldo" */;
			compatibilityVersion = "Xcode 9.3";
			developmentRegion = en;
			hasScannedForEncodings = 0;
			knownRegions = (
				en,
				Base,
			);
			mainGroup = C85E8AD925A9747800FF0025;
			productRefGroup = C820E6BD25A9759A006A7AB1 /* Products */;
			projectDirPath = "";
			projectRoot = "";
			targets = (
				C830036028DEDDD100480F29 /* Aldo */,
				C8D3C9FF2904E1BD0087316F /* Cli */,
				C8B88AA32906277800B7CB23 /* Lib */,
				C8DBC90C27C8708A0043994B /* AldoSwiftUI */,
				C8DBC91C27C8708B0043994B /* AldoSwiftUITests */,
				C820E6BB25A9759A006A7AB1 /* Dev */,
				C8184D3A25E7496B002B3100 /* Tests */,
			);
		};
/* End PBXProject section */

/* Begin PBXResourcesBuildPhase section */
		C8184D3925E7496B002B3100 /* Resources */ = {
			isa = PBXResourcesBuildPhase;
			buildActionMask = 2147483647;
			files = (
			);
			runOnlyForDeploymentPostprocessing = 0;
		};
		C830035F28DEDDD100480F29 /* Resources */ = {
			isa = PBXResourcesBuildPhase;
			buildActionMask = 2147483647;
			files = (
				C830036728DEDDD200480F29 /* Assets.xcassets in Resources */,
			);
			runOnlyForDeploymentPostprocessing = 0;
		};
		C8DBC90B27C8708A0043994B /* Resources */ = {
			isa = PBXResourcesBuildPhase;
			buildActionMask = 2147483647;
			files = (
				C8DBC91727C8708B0043994B /* Preview Assets.xcassets in Resources */,
				C8DBC91427C8708B0043994B /* Assets.xcassets in Resources */,
			);
			runOnlyForDeploymentPostprocessing = 0;
		};
		C8DBC91B27C8708B0043994B /* Resources */ = {
			isa = PBXResourcesBuildPhase;
			buildActionMask = 2147483647;
			files = (
			);
			runOnlyForDeploymentPostprocessing = 0;
		};
/* End PBXResourcesBuildPhase section */

/* Begin PBXSourcesBuildPhase section */
		C8184D3725E7496B002B3100 /* Sources */ = {
			isa = PBXSourcesBuildPhase;
			buildActionMask = 2147483647;
			files = (
				C8C706B92751F0C700B45785 /* cpu.c in Sources */,
				C8C706AE2751EF8D00B45785 /* bus.c in Sources */,
				C8C706B42751EF8D00B45785 /* cpuinterrupt.c in Sources */,
				C8C706BA2751F0CB00B45785 /* decode.c in Sources */,
				C8C706B02751EF8D00B45785 /* cpu.c in Sources */,
				C8C706AC2751EF8D00B45785 /* cpujump.c in Sources */,
				C8C706B82751F0C000B45785 /* cart.c in Sources */,
				C8C706B32751EF8D00B45785 /* cpuzeropage.c in Sources */,
				C8C706AB2751EF8D00B45785 /* cpuindirect.c in Sources */,
				C8184D3E25E7496B002B3100 /* Tests.swift in Sources */,
				C8702CF9278A58C900725690 /* haltexpr.c in Sources */,
				C8C706B62751F0BA00B45785 /* bus.c in Sources */,
				C8C706B12751EF8D00B45785 /* cpuimplied.c in Sources */,
				C8C706A82751EF8D00B45785 /* bytes.c in Sources */,
				C8C706B22751EF8D00B45785 /* cpusubroutine.c in Sources */,
				C8C706B72751F0BD00B45785 /* bytes.c in Sources */,
				C83A30772904987F00749A17 /* argparse.c in Sources */,
				C8C706AA2751EF8D00B45785 /* cpuhelp.c in Sources */,
				C8702CFA278A598A00725690 /* haltexpr.c in Sources */,
				C8D44BDD2786B571005AB586 /* argparse.c in Sources */,
				C8C706A92751EF8D00B45785 /* cpuimmediate.c in Sources */,
				C8184D5325E74B75002B3100 /* dis.c in Sources */,
				C8C706BB2751F0CE00B45785 /* mappers.c in Sources */,
				C8C706B52751EF8D00B45785 /* cpustack.c in Sources */,
				C8184D7725E753BB002B3100 /* main.c in Sources */,
				C8184D7C25E76541002B3100 /* dis.c in Sources */,
				C86030782761A51100F1B27D /* cpupeek.c in Sources */,
				C8C706AF2751EF8D00B45785 /* cpubranch.c in Sources */,
				C8C706AD2751EF8D00B45785 /* cpuabsolute.c in Sources */,
			);
			runOnlyForDeploymentPostprocessing = 0;
		};
		C820E6B825A9759A006A7AB1 /* Sources */ = {
			isa = PBXSourcesBuildPhase;
			buildActionMask = 2147483647;
			files = (
				C83A307A2904A2B000749A17 /* version.c in Sources */,
				C8C706922751EEBA00B45785 /* nes.c in Sources */,
				C8C706BE2751F55C00B45785 /* trace.c in Sources */,
				C8186497277EB45900CA4AC0 /* uibatch.c in Sources */,
				C820E6C025A9759A006A7AB1 /* main.swift in Sources */,
				C8C706932751EEBA00B45785 /* bus.c in Sources */,
				C808BA6827893976001FDE39 /* haltexpr.c in Sources */,
				C8C706962751EEBA00B45785 /* decode.c in Sources */,
				C85CC20927ED6BF30063276D /* snapshot.c in Sources */,
				C80C9E1C277D648F000F2D8B /* debug.c in Sources */,
				C8C706972751EEBA00B45785 /* bytes.c in Sources */,
				C8C706982751EEBA00B45785 /* mappers.c in Sources */,
				C8B4664527755790000576EE /* argparse.c in Sources */,
				C8C706952751EEBA00B45785 /* cart.c in Sources */,
				C85C8DC625BD29AC00611D19 /* dis.c in Sources */,
				C8557B2F25C661660090296D /* ui.c in Sources */,
				C8D8FDA82792691B0073639B /* tsutil.c in Sources */,
				C8186495277EB0F700CA4AC0 /* uicurses.c in Sources */,
				C8C706942751EEBA00B45785 /* cpu.c in Sources */,
				C820E6CB25A97A4E006A7AB1 /* cli.c in Sources */,
			);
			runOnlyForDeploymentPostprocessing = 0;
		};
		C830035D28DEDDD100480F29 /* Sources */ = {
			isa = PBXSourcesBuildPhase;
			buildActionMask = 2147483647;
			files = (
				C8CAF74B28FFBA2200358339 /* cpu.c in Sources */,
				C8CAF74F28FFBA4000358339 /* trace.c in Sources */,
				C8CAF74728FFB9FB00358339 /* mappers.c in Sources */,
				C8CAF74628FFB9EB00358339 /* cart.c in Sources */,
				C8CAF74C28FFBA2A00358339 /* decode.c in Sources */,
				C8041C3728EE6EC000A3695F /* gui.c in Sources */,
				C854873828E685D00045BA42 /* imgui_impl_sdlrenderer.cpp in Sources */,
				C830036C28DEDDD200480F29 /* main.m in Sources */,
				C88CABE028FA521C00551C65 /* haltexpr.c in Sources */,
				C8CAF74A28FFBA1B00358339 /* nes.c in Sources */,
				C8CAF74828FFBA0900358339 /* bus.c in Sources */,
				C854873E28E685D00045BA42 /* imgui_draw.cpp in Sources */,
				C8CAF74E28FFBA3800358339 /* snapshot.c in Sources */,
				C88CABE228FA624D00551C65 /* ui.c in Sources */,
				C8CAF75028FFBA4F00358339 /* dis.c in Sources */,
				C8CAF74928FFBA1200358339 /* bytes.c in Sources */,
				C8CAF74D28FFBA3200358339 /* debug.c in Sources */,
				C854873728E685D00045BA42 /* imgui_widgets.cpp in Sources */,
				C854873D28E685D00045BA42 /* imgui_impl_sdl.cpp in Sources */,
				C854873B28E685D00045BA42 /* imgui_tables.cpp in Sources */,
				C854873C28E685D00045BA42 /* imgui_demo.cpp in Sources */,
				C8041C3A28EE740900A3695F /* macplatform.m in Sources */,
				C88CABDE28FA4DDD00551C65 /* uisdl.cpp in Sources */,
				C88CABE128FA522D00551C65 /* tsutil.c in Sources */,
				C854873A28E685D00045BA42 /* imgui.cpp in Sources */,
			);
			runOnlyForDeploymentPostprocessing = 0;
		};
		C8B88AA12906277800B7CB23 /* Sources */ = {
			isa = PBXSourcesBuildPhase;
			buildActionMask = 2147483647;
			files = (
			);
			runOnlyForDeploymentPostprocessing = 0;
		};
		C8D3C9FC2904E1BD0087316F /* Sources */ = {
			isa = PBXSourcesBuildPhase;
			buildActionMask = 2147483647;
			files = (
				C8B88A9429061C8A00B7CB23 /* bus.c in Sources */,
				C8B88A9629061C9D00B7CB23 /* cpu.c in Sources */,
				C8B88A9529061C9400B7CB23 /* decode.c in Sources */,
				C8B88A8B29061C3800B7CB23 /* cli.c in Sources */,
				C8B88A9729061CAA00B7CB23 /* version.c in Sources */,
				C8B88A8A29061C3500B7CB23 /* argparse.c in Sources */,
				C8B88A8D29061C3F00B7CB23 /* uibatch.c in Sources */,
				C8B88A8F29061C5100B7CB23 /* bytes.c in Sources */,
				C8B88A9B29061CD500B7CB23 /* tsutil.c in Sources */,
				C8B88A9029061C5700B7CB23 /* cart.c in Sources */,
				C8B88A9829061CBA00B7CB23 /* mappers.c in Sources */,
				C8B88A8E29061C4100B7CB23 /* uicurses.c in Sources */,
				C8B88A9229061C7000B7CB23 /* dis.c in Sources */,
				C8B88A9929061CC300B7CB23 /* nes.c in Sources */,
				C8B88A9C29061CDE00B7CB23 /* trace.c in Sources */,
				C8B88A9329061C7A00B7CB23 /* haltexpr.c in Sources */,
				C8B88A8C29061C3C00B7CB23 /* main.c in Sources */,
				C8B88A9A29061CCB00B7CB23 /* snapshot.c in Sources */,
				C8B88A9129061C6700B7CB23 /* debug.c in Sources */,
				C8B88A9D29061CE600B7CB23 /* ui.c in Sources */,
			);
			runOnlyForDeploymentPostprocessing = 0;
		};
		C8DBC90927C8708A0043994B /* Sources */ = {
			isa = PBXSourcesBuildPhase;
			buildActionMask = 2147483647;
			files = (
				C83C663A27E2F52C009CE42C /* bus.c in Sources */,
				C8FB31D12803D6EC00E6B0EF /* AldoError.swift in Sources */,
				C8B87D47285E82BD000E0D2E /* CommandViews.swift in Sources */,
				C86B6A8228D0332000AA263A /* CpuView.swift in Sources */,
				C83C663827E2F4EF009CE42C /* mappers.c in Sources */,
				C83C663927E2F4FE009CE42C /* bytes.c in Sources */,
				C89D715027D4758900C9177A /* CartPrgView.swift in Sources */,
				C83C663727E2F4E4009CE42C /* cart.c in Sources */,
				C8C9FB672803F8C90093D9A7 /* cpu.c in Sources */,
				C8F2985B2810ECEF00ECFD7E /* CStream.swift in Sources */,
				C8497E402822015100F4952E /* Disassembly.swift in Sources */,
				C8C9FB652803F8900093D9A7 /* dis.c in Sources */,
				C838D3B527D5DA4400468FDB /* CartInfoView.swift in Sources */,
				C8DBC91227C8708A0043994B /* ContentView.swift in Sources */,
				C88949B12813B2DB00795CC0 /* ChrSheet.swift in Sources */,
				C8A5B77B27DD79AE00A4DD5E /* Cart.swift in Sources */,
				C88F3E5727D9A45E00317732 /* EmulationView.swift in Sources */,
				C8DBC91027C8708A0043994B /* AldoApp.swift in Sources */,
				C803504228D692430022A4B9 /* Rendering.swift in Sources */,
				C8C9FB662803F8BD0093D9A7 /* decode.c in Sources */,
				C8E76BAA285985CE004C1479 /* Commands.swift in Sources */,
				C8B5303B2801300C00576D9F /* CartFocusView.swift in Sources */,
				C88A5E8527F6A1750039382D /* CartView.swift in Sources */,
				C838D3B727D5DB0300468FDB /* CartChrView.swift in Sources */,
			);
			runOnlyForDeploymentPostprocessing = 0;
		};
		C8DBC91927C8708B0043994B /* Sources */ = {
			isa = PBXSourcesBuildPhase;
			buildActionMask = 2147483647;
			files = (
				C8DBC92227C8708B0043994B /* AldoTests.swift in Sources */,
			);
			runOnlyForDeploymentPostprocessing = 0;
		};
/* End PBXSourcesBuildPhase section */

/* Begin PBXTargetDependency section */
		C8D3CA082904E4CE0087316F /* PBXTargetDependency */ = {
			isa = PBXTargetDependency;
			target = C8D3C9FF2904E1BD0087316F /* Cli */;
			targetProxy = C8D3CA072904E4CE0087316F /* PBXContainerItemProxy */;
		};
		C8DBC91F27C8708B0043994B /* PBXTargetDependency */ = {
			isa = PBXTargetDependency;
			target = C8DBC90C27C8708A0043994B /* AldoSwiftUI */;
			targetProxy = C8DBC91E27C8708B0043994B /* PBXContainerItemProxy */;
		};
/* End PBXTargetDependency section */

/* Begin XCBuildConfiguration section */
		C8184D4025E7496B002B3100 /* Debug */ = {
			isa = XCBuildConfiguration;
			buildSettings = {
				CODE_SIGN_STYLE = Automatic;
				COMBINE_HIDPI_IMAGES = YES;
				DEVELOPMENT_TEAM = "";
				INFOPLIST_FILE = Tests/Info.plist;
				LD_RUNPATH_SEARCH_PATHS = (
					"$(inherited)",
					"@executable_path/../Frameworks",
					"@loader_path/../Frameworks",
				);
				LIBRARY_SEARCH_PATHS = /usr/local/lib;
				MTL_ENABLE_DEBUG_INFO = INCLUDE_SOURCE;
				MTL_FAST_MATH = YES;
				PRODUCT_BUNDLE_IDENTIFIER = com.drmonkeysee.Tests;
				PRODUCT_NAME = "$(TARGET_NAME)";
				SDKROOT = macosx;
				SWIFT_OBJC_BRIDGING_HEADER = "$(TARGET_NAME)/$(TARGET_NAME)-Bridging-Header.h";
				USER_HEADER_SEARCH_PATHS = (
					/usr/local/include,
					../src,
				);
			};
			name = Debug;
		};
		C8184D4125E7496B002B3100 /* Release */ = {
			isa = XCBuildConfiguration;
			buildSettings = {
				CODE_SIGN_STYLE = Automatic;
				COMBINE_HIDPI_IMAGES = YES;
				DEVELOPMENT_TEAM = "";
				INFOPLIST_FILE = Tests/Info.plist;
				LD_RUNPATH_SEARCH_PATHS = (
					"$(inherited)",
					"@executable_path/../Frameworks",
					"@loader_path/../Frameworks",
				);
				LIBRARY_SEARCH_PATHS = /usr/local/lib;
				MTL_ENABLE_DEBUG_INFO = NO;
				MTL_FAST_MATH = YES;
				PRODUCT_BUNDLE_IDENTIFIER = com.drmonkeysee.Tests;
				PRODUCT_NAME = "$(TARGET_NAME)";
				SDKROOT = macosx;
				SWIFT_OBJC_BRIDGING_HEADER = "$(TARGET_NAME)/$(TARGET_NAME)-Bridging-Header.h";
				USER_HEADER_SEARCH_PATHS = (
					/usr/local/include,
					../src,
				);
			};
			name = Release;
		};
		C820E6C125A9759A006A7AB1 /* Debug */ = {
			isa = XCBuildConfiguration;
			buildSettings = {
				CLANG_WARN_DOCUMENTATION_COMMENTS = YES;
				CODE_SIGN_IDENTITY = "-";
				CODE_SIGN_STYLE = Automatic;
				DEVELOPMENT_TEAM = "";
				ENABLE_HARDENED_RUNTIME = YES;
				GCC_WARN_PEDANTIC = YES;
				LD_RUNPATH_SEARCH_PATHS = (
					"$(inherited)",
					"@executable_path/../Frameworks",
					"@loader_path/../Frameworks",
				);
				MTL_ENABLE_DEBUG_INFO = INCLUDE_SOURCE;
				MTL_FAST_MATH = YES;
				PRODUCT_NAME = "$(TARGET_NAME)";
				SDKROOT = macosx;
				SWIFT_OBJC_BRIDGING_HEADER = "$(TARGET_NAME)/$(TARGET_NAME)-Bridging-Header.h";
				WARNING_CFLAGS = (
					"-Wall",
					"-Wextra",
				);
			};
			name = Debug;
		};
		C820E6C225A9759A006A7AB1 /* Release */ = {
			isa = XCBuildConfiguration;
			buildSettings = {
				CLANG_WARN_DOCUMENTATION_COMMENTS = YES;
				CODE_SIGN_IDENTITY = "-";
				CODE_SIGN_STYLE = Automatic;
				DEVELOPMENT_TEAM = "";
				ENABLE_HARDENED_RUNTIME = YES;
				GCC_PREPROCESSOR_DEFINITIONS = "NDEBUG=1";
				GCC_WARN_PEDANTIC = YES;
				LD_RUNPATH_SEARCH_PATHS = (
					"$(inherited)",
					"@executable_path/../Frameworks",
					"@loader_path/../Frameworks",
				);
				MTL_ENABLE_DEBUG_INFO = NO;
				MTL_FAST_MATH = YES;
				PRODUCT_NAME = "$(TARGET_NAME)";
				SDKROOT = macosx;
				SWIFT_OBJC_BRIDGING_HEADER = "$(TARGET_NAME)/$(TARGET_NAME)-Bridging-Header.h";
				WARNING_CFLAGS = (
					"-Wall",
					"-Wextra",
				);
			};
			name = Release;
		};
		C830036E28DEDDD200480F29 /* Debug */ = {
			isa = XCBuildConfiguration;
			buildSettings = {
				ASSETCATALOG_COMPILER_APPICON_NAME = AppIcon;
				ASSETCATALOG_COMPILER_GLOBAL_ACCENT_COLOR_NAME = AccentColor;
				CLANG_WARN_DOCUMENTATION_COMMENTS = YES;
				CODE_SIGN_ENTITLEMENTS = Aldo/Aldo.entitlements;
				CODE_SIGN_STYLE = Automatic;
				COMBINE_HIDPI_IMAGES = YES;
				CURRENT_PROJECT_VERSION = 1;
				DEVELOPMENT_TEAM = PC9FS9P8R2;
				ENABLE_HARDENED_RUNTIME = YES;
				FRAMEWORK_SEARCH_PATHS = ../ext;
				GCC_WARN_PEDANTIC = YES;
				GENERATE_INFOPLIST_FILE = YES;
				INFOPLIST_FILE = Aldo/Info.plist;
				INFOPLIST_KEY_CFBundleDisplayName = "$(TARGET_NAME)";
				INFOPLIST_KEY_LSApplicationCategoryType = "public.app-category.games";
				INFOPLIST_KEY_NSHumanReadableCopyright = "Copyright © 2022 Brandon Stansbury";
				INFOPLIST_KEY_NSPrincipalClass = SDLApplication;
				LD_RUNPATH_SEARCH_PATHS = (
					"$(inherited)",
					"@executable_path/../Frameworks",
				);
				MARKETING_VERSION = 0.4.1;
				MTL_ENABLE_DEBUG_INFO = INCLUDE_SOURCE;
				MTL_FAST_MATH = YES;
				PRODUCT_BUNDLE_IDENTIFIER = com.drmonkeysee.Aldo;
				PRODUCT_NAME = "$(TARGET_NAME)";
				SDKROOT = macosx;
				SWIFT_EMIT_LOC_STRINGS = YES;
				WARNING_CFLAGS = (
					"-Wall",
					"-Wextra",
				);
			};
			name = Debug;
		};
		C830036F28DEDDD200480F29 /* Release */ = {
			isa = XCBuildConfiguration;
			buildSettings = {
				ASSETCATALOG_COMPILER_APPICON_NAME = AppIcon;
				ASSETCATALOG_COMPILER_GLOBAL_ACCENT_COLOR_NAME = AccentColor;
				CLANG_WARN_DOCUMENTATION_COMMENTS = YES;
				CODE_SIGN_ENTITLEMENTS = Aldo/Aldo.entitlements;
				CODE_SIGN_STYLE = Automatic;
				COMBINE_HIDPI_IMAGES = YES;
				CURRENT_PROJECT_VERSION = 1;
				DEVELOPMENT_TEAM = PC9FS9P8R2;
				ENABLE_HARDENED_RUNTIME = YES;
				FRAMEWORK_SEARCH_PATHS = ../ext;
				GCC_PREPROCESSOR_DEFINITIONS = "NDEBUG=1";
				GCC_WARN_PEDANTIC = YES;
				GENERATE_INFOPLIST_FILE = YES;
				INFOPLIST_FILE = Aldo/Info.plist;
				INFOPLIST_KEY_CFBundleDisplayName = "$(TARGET_NAME)";
				INFOPLIST_KEY_LSApplicationCategoryType = "public.app-category.games";
				INFOPLIST_KEY_NSHumanReadableCopyright = "Copyright © 2022 Brandon Stansbury";
				INFOPLIST_KEY_NSPrincipalClass = SDLApplication;
				LD_RUNPATH_SEARCH_PATHS = (
					"$(inherited)",
					"@executable_path/../Frameworks",
				);
				MARKETING_VERSION = 0.4.1;
				MTL_ENABLE_DEBUG_INFO = NO;
				MTL_FAST_MATH = YES;
				PRODUCT_BUNDLE_IDENTIFIER = com.drmonkeysee.Aldo;
				PRODUCT_NAME = "$(TARGET_NAME)";
				SDKROOT = macosx;
				SWIFT_EMIT_LOC_STRINGS = YES;
				WARNING_CFLAGS = (
					"-Wall",
					"-Wextra",
				);
			};
			name = Release;
		};
		C85E8ADE25A9747800FF0025 /* Debug */ = {
			isa = XCBuildConfiguration;
			buildSettings = {
				ALWAYS_SEARCH_USER_PATHS = NO;
				CLANG_ANALYZER_NONNULL = YES;
				CLANG_ANALYZER_NUMBER_OBJECT_CONVERSION = YES_AGGRESSIVE;
				CLANG_CXX_LANGUAGE_STANDARD = "c++20";
				CLANG_ENABLE_MODULES = YES;
				CLANG_ENABLE_OBJC_ARC = YES;
				CLANG_ENABLE_OBJC_WEAK = YES;
				CLANG_WARN_BLOCK_CAPTURE_AUTORELEASING = YES;
				CLANG_WARN_BOOL_CONVERSION = YES;
				CLANG_WARN_COMMA = YES;
				CLANG_WARN_CONSTANT_CONVERSION = YES;
				CLANG_WARN_DEPRECATED_OBJC_IMPLEMENTATIONS = YES;
				CLANG_WARN_DIRECT_OBJC_ISA_USAGE = YES_ERROR;
				CLANG_WARN_EMPTY_BODY = YES;
				CLANG_WARN_ENUM_CONVERSION = YES;
				CLANG_WARN_INFINITE_RECURSION = YES;
				CLANG_WARN_INT_CONVERSION = YES;
				CLANG_WARN_NON_LITERAL_NULL_CONVERSION = YES;
				CLANG_WARN_OBJC_IMPLICIT_RETAIN_SELF = YES;
				CLANG_WARN_OBJC_LITERAL_CONVERSION = YES;
				CLANG_WARN_OBJC_ROOT_CLASS = YES_ERROR;
				CLANG_WARN_QUOTED_INCLUDE_IN_FRAMEWORK_HEADER = YES;
				CLANG_WARN_RANGE_LOOP_ANALYSIS = YES;
				CLANG_WARN_STRICT_PROTOTYPES = YES;
				CLANG_WARN_SUSPICIOUS_MOVE = YES;
				CLANG_WARN_UNGUARDED_AVAILABILITY = YES_AGGRESSIVE;
				CLANG_WARN_UNREACHABLE_CODE = YES;
				CLANG_WARN__DUPLICATE_METHOD_MATCH = YES;
				COPY_PHASE_STRIP = NO;
				DEAD_CODE_STRIPPING = YES;
				DEBUG_INFORMATION_FORMAT = dwarf;
				ENABLE_STRICT_OBJC_MSGSEND = YES;
				ENABLE_TESTABILITY = YES;
				GCC_C_LANGUAGE_STANDARD = c17;
				GCC_NO_COMMON_BLOCKS = YES;
				GCC_OPTIMIZATION_LEVEL = 0;
				GCC_PREPROCESSOR_DEFINITIONS = (
					"DEBUG=1",
					"$(inherited)",
				);
				GCC_WARN_64_TO_32_BIT_CONVERSION = YES;
				GCC_WARN_ABOUT_RETURN_TYPE = YES_ERROR;
				GCC_WARN_UNDECLARED_SELECTOR = YES;
				GCC_WARN_UNINITIALIZED_AUTOS = YES_AGGRESSIVE;
				GCC_WARN_UNUSED_FUNCTION = YES;
				GCC_WARN_UNUSED_VARIABLE = YES;
				MACOSX_DEPLOYMENT_TARGET = 12.3;
				ONLY_ACTIVE_ARCH = YES;
				SWIFT_ACTIVE_COMPILATION_CONDITIONS = DEBUG;
				SWIFT_OPTIMIZATION_LEVEL = "-Onone";
				SWIFT_VERSION = 5.0;
			};
			name = Debug;
		};
		C85E8ADF25A9747800FF0025 /* Release */ = {
			isa = XCBuildConfiguration;
			buildSettings = {
				ALWAYS_SEARCH_USER_PATHS = NO;
				CLANG_ANALYZER_NONNULL = YES;
				CLANG_ANALYZER_NUMBER_OBJECT_CONVERSION = YES_AGGRESSIVE;
				CLANG_CXX_LANGUAGE_STANDARD = "c++20";
				CLANG_ENABLE_MODULES = YES;
				CLANG_ENABLE_OBJC_ARC = YES;
				CLANG_ENABLE_OBJC_WEAK = YES;
				CLANG_WARN_BLOCK_CAPTURE_AUTORELEASING = YES;
				CLANG_WARN_BOOL_CONVERSION = YES;
				CLANG_WARN_COMMA = YES;
				CLANG_WARN_CONSTANT_CONVERSION = YES;
				CLANG_WARN_DEPRECATED_OBJC_IMPLEMENTATIONS = YES;
				CLANG_WARN_DIRECT_OBJC_ISA_USAGE = YES_ERROR;
				CLANG_WARN_EMPTY_BODY = YES;
				CLANG_WARN_ENUM_CONVERSION = YES;
				CLANG_WARN_INFINITE_RECURSION = YES;
				CLANG_WARN_INT_CONVERSION = YES;
				CLANG_WARN_NON_LITERAL_NULL_CONVERSION = YES;
				CLANG_WARN_OBJC_IMPLICIT_RETAIN_SELF = YES;
				CLANG_WARN_OBJC_LITERAL_CONVERSION = YES;
				CLANG_WARN_OBJC_ROOT_CLASS = YES_ERROR;
				CLANG_WARN_QUOTED_INCLUDE_IN_FRAMEWORK_HEADER = YES;
				CLANG_WARN_RANGE_LOOP_ANALYSIS = YES;
				CLANG_WARN_STRICT_PROTOTYPES = YES;
				CLANG_WARN_SUSPICIOUS_MOVE = YES;
				CLANG_WARN_UNGUARDED_AVAILABILITY = YES_AGGRESSIVE;
				CLANG_WARN_UNREACHABLE_CODE = YES;
				CLANG_WARN__DUPLICATE_METHOD_MATCH = YES;
				COPY_PHASE_STRIP = NO;
				DEAD_CODE_STRIPPING = YES;
				DEBUG_INFORMATION_FORMAT = "dwarf-with-dsym";
				ENABLE_NS_ASSERTIONS = NO;
				ENABLE_STRICT_OBJC_MSGSEND = YES;
				GCC_C_LANGUAGE_STANDARD = c17;
				GCC_GENERATE_DEBUGGING_SYMBOLS = NO;
				GCC_NO_COMMON_BLOCKS = YES;
				GCC_WARN_64_TO_32_BIT_CONVERSION = YES;
				GCC_WARN_ABOUT_RETURN_TYPE = YES_ERROR;
				GCC_WARN_UNDECLARED_SELECTOR = YES;
				GCC_WARN_UNINITIALIZED_AUTOS = YES_AGGRESSIVE;
				GCC_WARN_UNUSED_FUNCTION = YES;
				GCC_WARN_UNUSED_VARIABLE = YES;
				LLVM_LTO = YES;
				MACOSX_DEPLOYMENT_TARGET = 12.3;
				SWIFT_COMPILATION_MODE = wholemodule;
				SWIFT_VERSION = 5.0;
			};
			name = Release;
		};
		C8B88AA62906277800B7CB23 /* Debug */ = {
			isa = XCBuildConfiguration;
			buildSettings = {
				CLANG_WARN_DOCUMENTATION_COMMENTS = YES;
				CODE_SIGN_STYLE = Automatic;
				DEVELOPMENT_TEAM = PC9FS9P8R2;
				DYLIB_COMPATIBILITY_VERSION = 1;
				DYLIB_CURRENT_VERSION = 0.4.1;
				EXECUTABLE_PREFIX = lib;
				GCC_WARN_PEDANTIC = YES;
				MTL_ENABLE_DEBUG_INFO = INCLUDE_SOURCE;
				MTL_FAST_MATH = YES;
				PRODUCT_NAME = "$(PROJECT_NAME:lower)";
				SDKROOT = macosx;
				SKIP_INSTALL = YES;
				WARNING_CFLAGS = (
					"-Wall",
					"-Wextra",
				);
			};
			name = Debug;
		};
		C8B88AA72906277800B7CB23 /* Release */ = {
			isa = XCBuildConfiguration;
			buildSettings = {
				CLANG_WARN_DOCUMENTATION_COMMENTS = YES;
				CODE_SIGN_STYLE = Automatic;
				DEVELOPMENT_TEAM = PC9FS9P8R2;
				DYLIB_COMPATIBILITY_VERSION = 1;
				DYLIB_CURRENT_VERSION = 0.4.1;
				EXECUTABLE_PREFIX = lib;
				GCC_PREPROCESSOR_DEFINITIONS = "NDEBUG=1";
				GCC_WARN_PEDANTIC = YES;
				MTL_ENABLE_DEBUG_INFO = NO;
				MTL_FAST_MATH = YES;
				PRODUCT_NAME = "$(PROJECT_NAME:lower)";
				SDKROOT = macosx;
				SKIP_INSTALL = YES;
				WARNING_CFLAGS = (
					"-Wall",
					"-Wextra",
				);
			};
			name = Release;
		};
		C8D3CA042904E1BD0087316F /* Debug */ = {
			isa = XCBuildConfiguration;
			buildSettings = {
				CLANG_WARN_DOCUMENTATION_COMMENTS = YES;
				CODE_SIGN_INJECT_BASE_ENTITLEMENTS = NO;
				CODE_SIGN_STYLE = Automatic;
				DEVELOPMENT_TEAM = PC9FS9P8R2;
				ENABLE_HARDENED_RUNTIME = YES;
				GCC_WARN_PEDANTIC = YES;
				MTL_ENABLE_DEBUG_INFO = INCLUDE_SOURCE;
				MTL_FAST_MATH = YES;
				OTHER_CODE_SIGN_FLAGS = "$(inherited) -i $(PRODUCT_BUNDLE_IDENTIFIER)";
				PRODUCT_BUNDLE_IDENTIFIER = com.drmonkeysee.Aldo.Cli;
				PRODUCT_NAME = "$(PROJECT_NAME:lower)c";
				SDKROOT = macosx;
				SKIP_INSTALL = YES;
				WARNING_CFLAGS = (
					"-Wall",
					"-Wextra",
				);
			};
			name = Debug;
		};
		C8D3CA052904E1BD0087316F /* Release */ = {
			isa = XCBuildConfiguration;
			buildSettings = {
				CLANG_WARN_DOCUMENTATION_COMMENTS = YES;
				CODE_SIGN_INJECT_BASE_ENTITLEMENTS = NO;
				CODE_SIGN_STYLE = Automatic;
				DEVELOPMENT_TEAM = PC9FS9P8R2;
				ENABLE_HARDENED_RUNTIME = YES;
				GCC_PREPROCESSOR_DEFINITIONS = "NDEBUG=1";
				GCC_WARN_PEDANTIC = YES;
				MTL_ENABLE_DEBUG_INFO = NO;
				MTL_FAST_MATH = YES;
				OTHER_CODE_SIGN_FLAGS = "$(inherited) -i $(PRODUCT_BUNDLE_IDENTIFIER)";
				PRODUCT_BUNDLE_IDENTIFIER = com.drmonkeysee.Aldo.Cli;
				PRODUCT_NAME = "$(PROJECT_NAME:lower)c";
				SDKROOT = macosx;
				SKIP_INSTALL = YES;
				WARNING_CFLAGS = (
					"-Wall",
					"-Wextra",
				);
			};
			name = Release;
		};
		C8DBC93027C8708B0043994B /* Debug */ = {
			isa = XCBuildConfiguration;
			buildSettings = {
				ASSETCATALOG_COMPILER_APPICON_NAME = AppIcon;
				ASSETCATALOG_COMPILER_GLOBAL_ACCENT_COLOR_NAME = AccentColor;
				CLANG_WARN_DOCUMENTATION_COMMENTS = YES;
				CODE_SIGN_ENTITLEMENTS = AldoSwiftUI/Aldo.entitlements;
				CODE_SIGN_IDENTITY = "Apple Development";
				CODE_SIGN_STYLE = Automatic;
				COMBINE_HIDPI_IMAGES = YES;
				CURRENT_PROJECT_VERSION = 1;
				DEVELOPMENT_ASSET_PATHS = "\"AldoSwiftUI/Preview Content\"";
				DEVELOPMENT_TEAM = PC9FS9P8R2;
				ENABLE_HARDENED_RUNTIME = YES;
				ENABLE_PREVIEWS = YES;
				GCC_WARN_PEDANTIC = YES;
				GENERATE_INFOPLIST_FILE = YES;
				INFOPLIST_KEY_LSApplicationCategoryType = "public.app-category.games";
				INFOPLIST_KEY_NSHumanReadableCopyright = "Copyright © 2022 Brandon Stansbury";
				LD_RUNPATH_SEARCH_PATHS = (
					"$(inherited)",
					"@executable_path/../Frameworks",
				);
				MARKETING_VERSION = 0.4.1;
				MTL_ENABLE_DEBUG_INFO = INCLUDE_SOURCE;
				MTL_FAST_MATH = YES;
				PRODUCT_BUNDLE_IDENTIFIER = com.drmonkeysee.AldoSwiftUI;
				PRODUCT_NAME = "$(TARGET_NAME)";
				SDKROOT = macosx;
				SWIFT_EMIT_LOC_STRINGS = YES;
				SWIFT_OBJC_BRIDGING_HEADER = "$(TARGET_NAME)/Aldo-Bridging-Header.h";
				WARNING_CFLAGS = (
					"-Wall",
					"-Wextra",
				);
			};
			name = Debug;
		};
		C8DBC93127C8708B0043994B /* Release */ = {
			isa = XCBuildConfiguration;
			buildSettings = {
				ASSETCATALOG_COMPILER_APPICON_NAME = AppIcon;
				ASSETCATALOG_COMPILER_GLOBAL_ACCENT_COLOR_NAME = AccentColor;
				CLANG_WARN_DOCUMENTATION_COMMENTS = YES;
				CODE_SIGN_ENTITLEMENTS = AldoSwiftUI/Aldo.entitlements;
				CODE_SIGN_IDENTITY = "Apple Development";
				CODE_SIGN_STYLE = Automatic;
				COMBINE_HIDPI_IMAGES = YES;
				CURRENT_PROJECT_VERSION = 1;
				DEVELOPMENT_ASSET_PATHS = "\"AldoSwiftUI/Preview Content\"";
				DEVELOPMENT_TEAM = PC9FS9P8R2;
				ENABLE_HARDENED_RUNTIME = YES;
				ENABLE_PREVIEWS = YES;
				GCC_GENERATE_DEBUGGING_SYMBOLS = NO;
				GCC_PREPROCESSOR_DEFINITIONS = "NDEBUG=1";
				GCC_WARN_PEDANTIC = YES;
				GENERATE_INFOPLIST_FILE = YES;
				INFOPLIST_KEY_LSApplicationCategoryType = "public.app-category.games";
				INFOPLIST_KEY_NSHumanReadableCopyright = "Copyright © 2022 Brandon Stansbury";
				LD_RUNPATH_SEARCH_PATHS = (
					"$(inherited)",
					"@executable_path/../Frameworks",
				);
				LLVM_LTO = YES;
				MARKETING_VERSION = 0.4.1;
				MTL_ENABLE_DEBUG_INFO = NO;
				MTL_FAST_MATH = YES;
				PRODUCT_BUNDLE_IDENTIFIER = com.drmonkeysee.AldoSwiftUI;
				PRODUCT_NAME = "$(TARGET_NAME)";
				SDKROOT = macosx;
				SWIFT_EMIT_LOC_STRINGS = YES;
				SWIFT_OBJC_BRIDGING_HEADER = "$(TARGET_NAME)/Aldo-Bridging-Header.h";
				WARNING_CFLAGS = (
					"-Wall",
					"-Wextra",
				);
			};
			name = Release;
		};
		C8DBC93327C8708B0043994B /* Debug */ = {
			isa = XCBuildConfiguration;
			buildSettings = {
				ALWAYS_EMBED_SWIFT_STANDARD_LIBRARIES = YES;
				BUNDLE_LOADER = "$(TEST_HOST)";
				CLANG_WARN_DOCUMENTATION_COMMENTS = YES;
				CODE_SIGN_STYLE = Automatic;
				CURRENT_PROJECT_VERSION = 1;
				DEVELOPMENT_TEAM = PC9FS9P8R2;
				GENERATE_INFOPLIST_FILE = YES;
				MARKETING_VERSION = 1.0;
				MTL_ENABLE_DEBUG_INFO = INCLUDE_SOURCE;
				MTL_FAST_MATH = YES;
				PRODUCT_BUNDLE_IDENTIFIER = com.drmonkeysee.AldoTests;
				PRODUCT_NAME = "$(TARGET_NAME)";
				SDKROOT = macosx;
				TEST_HOST = "$(BUILT_PRODUCTS_DIR)/Aldo.app/Contents/MacOS/Aldo";
			};
			name = Debug;
		};
		C8DBC93427C8708B0043994B /* Release */ = {
			isa = XCBuildConfiguration;
			buildSettings = {
				ALWAYS_EMBED_SWIFT_STANDARD_LIBRARIES = YES;
				BUNDLE_LOADER = "$(TEST_HOST)";
				CLANG_WARN_DOCUMENTATION_COMMENTS = YES;
				CODE_SIGN_STYLE = Automatic;
				CURRENT_PROJECT_VERSION = 1;
				DEVELOPMENT_TEAM = PC9FS9P8R2;
				GENERATE_INFOPLIST_FILE = YES;
				MARKETING_VERSION = 1.0;
				MTL_ENABLE_DEBUG_INFO = NO;
				MTL_FAST_MATH = YES;
				PRODUCT_BUNDLE_IDENTIFIER = com.drmonkeysee.AldoTests;
				PRODUCT_NAME = "$(TARGET_NAME)";
				SDKROOT = macosx;
				TEST_HOST = "$(BUILT_PRODUCTS_DIR)/Aldo.app/Contents/MacOS/Aldo";
			};
			name = Release;
		};
/* End XCBuildConfiguration section */

/* Begin XCConfigurationList section */
		C8184D4225E7496B002B3100 /* Build configuration list for PBXNativeTarget "Tests" */ = {
			isa = XCConfigurationList;
			buildConfigurations = (
				C8184D4025E7496B002B3100 /* Debug */,
				C8184D4125E7496B002B3100 /* Release */,
			);
			defaultConfigurationIsVisible = 0;
			defaultConfigurationName = Release;
		};
		C820E6C325A9759A006A7AB1 /* Build configuration list for PBXNativeTarget "Dev" */ = {
			isa = XCConfigurationList;
			buildConfigurations = (
				C820E6C125A9759A006A7AB1 /* Debug */,
				C820E6C225A9759A006A7AB1 /* Release */,
			);
			defaultConfigurationIsVisible = 0;
			defaultConfigurationName = Release;
		};
		C830037028DEDDD200480F29 /* Build configuration list for PBXNativeTarget "Aldo" */ = {
			isa = XCConfigurationList;
			buildConfigurations = (
				C830036E28DEDDD200480F29 /* Debug */,
				C830036F28DEDDD200480F29 /* Release */,
			);
			defaultConfigurationIsVisible = 0;
			defaultConfigurationName = Release;
		};
		C85E8ADD25A9747800FF0025 /* Build configuration list for PBXProject "Aldo" */ = {
			isa = XCConfigurationList;
			buildConfigurations = (
				C85E8ADE25A9747800FF0025 /* Debug */,
				C85E8ADF25A9747800FF0025 /* Release */,
			);
			defaultConfigurationIsVisible = 0;
			defaultConfigurationName = Release;
		};
		C8B88AA52906277800B7CB23 /* Build configuration list for PBXNativeTarget "Lib" */ = {
			isa = XCConfigurationList;
			buildConfigurations = (
				C8B88AA62906277800B7CB23 /* Debug */,
				C8B88AA72906277800B7CB23 /* Release */,
			);
			defaultConfigurationIsVisible = 0;
			defaultConfigurationName = Release;
		};
		C8D3CA062904E1BD0087316F /* Build configuration list for PBXNativeTarget "Cli" */ = {
			isa = XCConfigurationList;
			buildConfigurations = (
				C8D3CA042904E1BD0087316F /* Debug */,
				C8D3CA052904E1BD0087316F /* Release */,
			);
			defaultConfigurationIsVisible = 0;
			defaultConfigurationName = Release;
		};
		C8DBC92F27C8708B0043994B /* Build configuration list for PBXNativeTarget "AldoSwiftUI" */ = {
			isa = XCConfigurationList;
			buildConfigurations = (
				C8DBC93027C8708B0043994B /* Debug */,
				C8DBC93127C8708B0043994B /* Release */,
			);
			defaultConfigurationIsVisible = 0;
			defaultConfigurationName = Release;
		};
		C8DBC93227C8708B0043994B /* Build configuration list for PBXNativeTarget "AldoSwiftUITests" */ = {
			isa = XCConfigurationList;
			buildConfigurations = (
				C8DBC93327C8708B0043994B /* Debug */,
				C8DBC93427C8708B0043994B /* Release */,
			);
			defaultConfigurationIsVisible = 0;
			defaultConfigurationName = Release;
		};
/* End XCConfigurationList section */
	};
	rootObject = C85E8ADA25A9747800FF0025 /* Project object */;
}
